{
    "version": 3,
    "terraform_version": "0.11.8",
    "serial": 19,
    "lineage": "8b8b19a8-927b-9120-9da9-7b4286b4242f",
    "modules": [
        {
            "path": [
                "root"
            ],
            "outputs": {},
            "resources": {
                "aws_autoscaling_group.webservers": {
                    "type": "aws_autoscaling_group",
                    "depends_on": [
                        "aws_elb.webservers",
                        "aws_launch_configuration.webserver"
                    ],
                    "primary": {
                        "id": "webservers",
                        "attributes": {
                            "arn": "arn:aws:autoscaling:us-east-1:274090899085:autoScalingGroup:3fbf0970-432c-4394-8d9a-1f29f6cfe7e3:autoScalingGroupName/webservers",
                            "availability_zones.#": "2",
                            "availability_zones.1305112097": "us-east-1b",
                            "availability_zones.986537655": "us-east-1c",
                            "default_cooldown": "300",
                            "desired_capacity": "2",
                            "enabled_metrics.#": "0",
                            "force_delete": "true",
                            "health_check_grace_period": "300",
                            "health_check_type": "EC2",
                            "id": "webservers",
                            "launch_configuration": "webserver_20180907033110779400000001",
                            "launch_template.#": "0",
                            "load_balancers.#": "1",
                            "load_balancers.2713960243": "webservers",
                            "max_size": "2",
                            "metrics_granularity": "1Minute",
                            "min_size": "1",
                            "name": "webservers",
                            "placement_group": "",
                            "protect_from_scale_in": "false",
                            "service_linked_role_arn": "arn:aws:iam::274090899085:role/aws-service-role/autoscaling.amazonaws.com/AWSServiceRoleForAutoScaling",
                            "suspended_processes.#": "0",
                            "tag.#": "1",
                            "tag.1895697639.key": "Name",
                            "tag.1895697639.propagate_at_launch": "true",
                            "tag.1895697639.value": "webserver",
                            "target_group_arns.#": "0",
                            "termination_policies.#": "0",
                            "vpc_zone_identifier.#": "0",
                            "wait_for_capacity_timeout": "10m"
                        },
                        "meta": {
                            "e2bfb730-ecaa-11e6-8f88-34363bc7c4c0": {
                                "delete": 600000000000
                            }
                        },
                        "tainted": false
                    },
                    "deposed": [],
                    "provider": "provider.aws"
                },
                "aws_elb.webservers": {
                    "type": "aws_elb",
                    "depends_on": [
                        "aws_security_group.webservers"
                    ],
                    "primary": {
                        "id": "webservers",
                        "attributes": {
                            "access_logs.#": "0",
                            "arn": "arn:aws:elasticloadbalancing:us-east-1:274090899085:loadbalancer/webservers",
                            "availability_zones.#": "2",
                            "availability_zones.1305112097": "us-east-1b",
                            "availability_zones.986537655": "us-east-1c",
                            "connection_draining": "false",
                            "connection_draining_timeout": "300",
                            "cross_zone_load_balancing": "true",
                            "dns_name": "webservers-1810561149.us-east-1.elb.amazonaws.com",
                            "health_check.#": "1",
                            "health_check.0.healthy_threshold": "2",
                            "health_check.0.interval": "20",
                            "health_check.0.target": "HTTP:80/",
                            "health_check.0.timeout": "3",
                            "health_check.0.unhealthy_threshold": "2",
                            "id": "webservers",
                            "idle_timeout": "60",
                            "instances.#": "0",
                            "internal": "false",
                            "listener.#": "1",
                            "listener.3057123346.instance_port": "80",
                            "listener.3057123346.instance_protocol": "http",
                            "listener.3057123346.lb_port": "80",
                            "listener.3057123346.lb_protocol": "http",
                            "listener.3057123346.ssl_certificate_id": "",
                            "name": "webservers",
                            "security_groups.#": "1",
                            "security_groups.2050488107": "sg-0689a030c6dcfb34c",
                            "source_security_group": "274090899085/webservers",
                            "source_security_group_id": "sg-0689a030c6dcfb34c",
                            "subnets.#": "2",
                            "subnets.139953868": "subnet-93c185db",
                            "subnets.4219451738": "subnet-d9ab27f5",
                            "tags.%": "1",
                            "tags.Name": "webservers",
                            "zone_id": "Z35SXDOTRQ7X7K"
                        },
                        "meta": {},
                        "tainted": false
                    },
                    "deposed": [],
                    "provider": "provider.aws"
                },
                "aws_key_pair.Farhan": {
                    "type": "aws_key_pair",
                    "depends_on": [],
                    "primary": {
                        "id": "deployer-Farhan",
                        "attributes": {
                            "fingerprint": "70:20:1d:65:25:5b:03:1c:5d:cc:51:20:44:30:d2:58",
                            "id": "deployer-Farhan",
                            "key_name": "deployer-Farhan",
                            "public_key": "ssh-rsa AAAAB3NzaC1yc2EAAAADAQABAAACAQCbFmBUZofPhyF3KYxFmk2rAaNzhgujgznQUMxW5wViKu3yxzYbly6jV/2akUW44uZ9oeSh1jP7y7/mErhhkboeEkF1OEtfq9gQcWx8RUc/OqbMLSU9X7cVrqykl8W9FbT3dzvk0m0JCmyeOTx1rpN48fsvMWg0I6fJ11q9ZvwoIlCPIpJVzYRDJoxNUbwX80VmlkluY04fdqDz3nJgnzf3Gcz60FJHEpUOJn1pQxKfiDy5lqUMRZ8/+nQe1VBwUkEAtfps5m9qdybvbbW2BAaxX/rqZNS6rCGV1h+wTgbE5X1SUAZVh57J5lAwczy/gFXhZW/hlxQkJkOuLNjbOMLH12dt4rNcrvF+haghJcRgwkbC14JohPJQUw7vIL+dDQ8Ph8+GRdDQngviY0V9OHXlZl7L3MJ75vUdWFHS49CaD+NklYcAJF86sRjJH5t0vzCmYUCiEPKweo7i/s9xUzItwReVr/6fnNcIVXb+3sEdGX6LhR94tiyWz5yfBYzvK4JNo0aZ2t/BXtgyvFShjnBdNo6S3DvUPYqy66RWPcmIsyB1CzcxV7C4coiqdGwePI3Jq4eO2i2G1WsMoKq8xMm6UOjLQ+VL1roNsAw00SASRIJTz4NEBTmg+Kdxf1Ja9YPPpfWlz/+cEuxLOsVFyw5Y1h/v8HWLtBBiYQdlygoucw=="
                        },
                        "meta": {
                            "schema_version": "1"
                        },
                        "tainted": false
                    },
                    "deposed": [],
                    "provider": "provider.aws"
                },
                "aws_launch_configuration.webserver": {
                    "type": "aws_launch_configuration",
                    "depends_on": [],
                    "primary": {
                        "id": "webserver_20180907033110779400000001",
                        "attributes": {
                            "associate_public_ip_address": "false",
                            "ebs_block_device.#": "0",
                            "ebs_optimized": "false",
                            "enable_monitoring": "true",
                            "ephemeral_block_device.#": "0",
                            "iam_instance_profile": "",
                            "id": "webserver_20180907033110779400000001",
                            "image_id": "ami-02c380419f69d6a08",
                            "instance_type": "t2.micro",
                            "key_name": "deployer-Farhan",
                            "name": "webserver_20180907033110779400000001",
                            "name_prefix": "webserver_",
                            "root_block_device.#": "0",
                            "security_groups.#": "1",
                            "security_groups.2050488107": "sg-0689a030c6dcfb34c",
                            "spot_price": "",
                            "vpc_classic_link_id": "",
                            "vpc_classic_link_security_groups.#": "0"
                        },
                        "meta": {},
                        "tainted": false
                    },
                    "deposed": [],
                    "provider": "provider.aws"
                },
                "aws_security_group.webservers": {
                    "type": "aws_security_group",
                    "depends_on": [],
                    "primary": {
                        "id": "sg-0689a030c6dcfb34c",
                        "attributes": {
                            "arn": "arn:aws:ec2:us-east-1:274090899085:security-group/sg-0689a030c6dcfb34c",
                            "description": "Allow all inbound traffic",
                            "egress.#": "1",
                            "egress.482069346.cidr_blocks.#": "1",
                            "egress.482069346.cidr_blocks.0": "0.0.0.0/0",
                            "egress.482069346.description": "",
                            "egress.482069346.from_port": "0",
                            "egress.482069346.ipv6_cidr_blocks.#": "0",
                            "egress.482069346.prefix_list_ids.#": "0",
                            "egress.482069346.protocol": "-1",
                            "egress.482069346.security_groups.#": "0",
                            "egress.482069346.self": "false",
                            "egress.482069346.to_port": "0",
                            "id": "sg-0689a030c6dcfb34c",
                            "ingress.#": "2",
                            "ingress.555246442.cidr_blocks.#": "1",
                            "ingress.555246442.cidr_blocks.0": "104.158.158.24/32",
                            "ingress.555246442.description": "",
                            "ingress.555246442.from_port": "22",
                            "ingress.555246442.ipv6_cidr_blocks.#": "0",
                            "ingress.555246442.protocol": "tcp",
                            "ingress.555246442.security_groups.#": "0",
                            "ingress.555246442.self": "false",
                            "ingress.555246442.to_port": "22",
                            "ingress.848928358.cidr_blocks.#": "1",
                            "ingress.848928358.cidr_blocks.0": "104.158.158.24/32",
                            "ingress.848928358.description": "",
                            "ingress.848928358.from_port": "80",
                            "ingress.848928358.ipv6_cidr_blocks.#": "0",
                            "ingress.848928358.protocol": "tcp",
                            "ingress.848928358.security_groups.#": "0",
                            "ingress.848928358.self": "true",
                            "ingress.848928358.to_port": "80",
                            "name": "webservers",
                            "owner_id": "274090899085",
                            "revoke_rules_on_delete": "false",
                            "tags.%": "1",
                            "tags.Name": "allow_ssh",
                            "vpc_id": "vpc-2c79f255"
                        },
                        "meta": {
                            "e2bfb730-ecaa-11e6-8f88-34363bc7c4c0": {
                                "create": 600000000000,
                                "delete": 600000000000
                            },
                            "schema_version": "1"
                        },
                        "tainted": false
                    },
                    "deposed": [],
                    "provider": "provider.aws"
                },
                "data.aws_ami.ubuntu": {
                    "type": "aws_ami",
                    "depends_on": [],
                    "primary": {
                        "id": "ami-07917569e2c4a2b6a",
                        "attributes": {
                            "architecture": "x86_64",
                            "block_device_mappings.#": "3",
                            "block_device_mappings.1634610537.device_name": "/dev/sdb",
                            "block_device_mappings.1634610537.ebs.%": "0",
                            "block_device_mappings.1634610537.no_device": "",
                            "block_device_mappings.1634610537.virtual_name": "ephemeral0",
                            "block_device_mappings.2547816212.device_name": "/dev/sda1",
                            "block_device_mappings.2547816212.ebs.%": "6",
                            "block_device_mappings.2547816212.ebs.delete_on_termination": "true",
                            "block_device_mappings.2547816212.ebs.encrypted": "false",
                            "block_device_mappings.2547816212.ebs.iops": "0",
                            "block_device_mappings.2547816212.ebs.snapshot_id": "snap-0e87f84d09a697710",
                            "block_device_mappings.2547816212.ebs.volume_size": "8",
                            "block_device_mappings.2547816212.ebs.volume_type": "gp2",
                            "block_device_mappings.2547816212.no_device": "",
                            "block_device_mappings.2547816212.virtual_name": "",
                            "block_device_mappings.3850042718.device_name": "/dev/sdc",
                            "block_device_mappings.3850042718.ebs.%": "0",
                            "block_device_mappings.3850042718.no_device": "",
                            "block_device_mappings.3850042718.virtual_name": "ephemeral1",
                            "creation_date": "2018-08-28T12:35:10.000Z",
                            "description": "Canonical, Ubuntu, 18.04 LTS, amd64 bionic image build on 2018-08-23",
                            "filter.#": "2",
                            "filter.490168357.name": "virtualization-type",
                            "filter.490168357.values.#": "1",
                            "filter.490168357.values.0": "hvm",
                            "filter.942818600.name": "name",
                            "filter.942818600.values.#": "1",
                            "filter.942818600.values.0": "ubuntu/images/hvm-ssd/ubuntu-bionic-18.04-amd64-server-*",
                            "hypervisor": "xen",
                            "id": "ami-07917569e2c4a2b6a",
                            "image_id": "ami-07917569e2c4a2b6a",
                            "image_location": "099720109477/ubuntu/images/hvm-ssd/ubuntu-bionic-18.04-amd64-server-20180823",
                            "image_type": "machine",
                            "most_recent": "true",
                            "name": "ubuntu/images/hvm-ssd/ubuntu-bionic-18.04-amd64-server-20180823",
                            "owner_id": "099720109477",
                            "owners.#": "1",
                            "owners.0": "099720109477",
                            "product_codes.#": "0",
                            "public": "true",
                            "root_device_name": "/dev/sda1",
                            "root_device_type": "ebs",
                            "root_snapshot_id": "snap-0e87f84d09a697710",
                            "sriov_net_support": "simple",
                            "state": "available",
                            "state_reason.%": "2",
                            "state_reason.code": "UNSET",
                            "state_reason.message": "UNSET",
                            "tags.%": "0",
                            "virtualization_type": "hvm"
                        },
                        "meta": {},
                        "tainted": false
                    },
                    "deposed": [],
                    "provider": "provider.aws"
                },
                "data.aws_ami.webserver": {
                    "type": "aws_ami",
                    "depends_on": [],
                    "primary": {
                        "id": "ami-02c380419f69d6a08",
                        "attributes": {
                            "architecture": "x86_64",
                            "block_device_mappings.#": "3",
                            "block_device_mappings.1634610537.device_name": "/dev/sdb",
                            "block_device_mappings.1634610537.ebs.%": "0",
                            "block_device_mappings.1634610537.no_device": "",
                            "block_device_mappings.1634610537.virtual_name": "ephemeral0",
                            "block_device_mappings.2547816212.device_name": "/dev/sda1",
                            "block_device_mappings.2547816212.ebs.%": "6",
                            "block_device_mappings.2547816212.ebs.delete_on_termination": "true",
                            "block_device_mappings.2547816212.ebs.encrypted": "false",
                            "block_device_mappings.2547816212.ebs.iops": "0",
                            "block_device_mappings.2547816212.ebs.snapshot_id": "snap-0e2d8dc9ecf6c22e9",
                            "block_device_mappings.2547816212.ebs.volume_size": "8",
                            "block_device_mappings.2547816212.ebs.volume_type": "gp2",
                            "block_device_mappings.2547816212.no_device": "",
                            "block_device_mappings.2547816212.virtual_name": "",
                            "block_device_mappings.3850042718.device_name": "/dev/sdc",
                            "block_device_mappings.3850042718.ebs.%": "0",
                            "block_device_mappings.3850042718.no_device": "",
                            "block_device_mappings.3850042718.virtual_name": "ephemeral1",
                            "creation_date": "2018-09-07T03:23:50.000Z",
                            "filter.#": "2",
                            "filter.2469952176.name": "name",
                            "filter.2469952176.values.#": "1",
                            "filter.2469952176.values.0": "webserver_*",
                            "filter.490168357.name": "virtualization-type",
                            "filter.490168357.values.#": "1",
                            "filter.490168357.values.0": "hvm",
                            "hypervisor": "xen",
                            "id": "ami-02c380419f69d6a08",
                            "image_id": "ami-02c380419f69d6a08",
                            "image_location": "274090899085/webserver_1536290459",
                            "image_type": "machine",
                            "most_recent": "true",
                            "name": "webserver_1536290459",
                            "owner_id": "274090899085",
                            "owners.#": "1",
                            "owners.0": "self",
                            "product_codes.#": "0",
                            "public": "false",
                            "root_device_name": "/dev/sda1",
                            "root_device_type": "ebs",
                            "root_snapshot_id": "snap-0e2d8dc9ecf6c22e9",
                            "sriov_net_support": "simple",
                            "state": "available",
                            "state_reason.%": "2",
                            "state_reason.code": "UNSET",
                            "state_reason.message": "UNSET",
                            "tags.%": "2",
                            "tags.Curate": "True",
                            "tags.Name": "webserver",
                            "virtualization_type": "hvm"
                        },
                        "meta": {},
                        "tainted": false
                    },
                    "deposed": [],
                    "provider": "provider.aws"
                },
                "data.http.icanhazip": {
                    "type": "http",
                    "depends_on": [],
                    "primary": {
                        "id": "2018-09-07 03:30:50.898553726 +0000 UTC",
                        "attributes": {
                            "body": "104.158.158.24\n",
                            "id": "2018-09-07 03:30:50.898553726 +0000 UTC",
                            "url": "http://icanhazip.com"
                        },
                        "meta": {},
                        "tainted": false
                    },
                    "deposed": [],
                    "provider": "provider.http"
                }
            },
            "depends_on": []
        }
    ]
}
