{
    "version": 3,
    "terraform_version": "0.11.8",
    "serial": 45,
    "lineage": "8b8b19a8-927b-9120-9da9-7b4286b4242f",
    "modules": [
        {
            "path": [
                "root"
            ],
            "outputs": {},
            "resources": {
                "aws_acm_certificate.farhan": {
                    "type": "aws_acm_certificate",
                    "depends_on": [],
                    "primary": {
                        "id": "arn:aws:acm:us-east-1:213722482034:certificate/d9cf82dc-0560-438c-b742-adff03e86fe5",
                        "attributes": {
                            "arn": "arn:aws:acm:us-east-1:213722482034:certificate/d9cf82dc-0560-438c-b742-adff03e86fe5",
                            "domain_name": "www.farhan.tastycidr.net",
                            "domain_validation_options.#": "1",
                            "domain_validation_options.0.domain_name": "www.farhan.tastycidr.net",
                            "domain_validation_options.0.resource_record_name": "_5897cad335990ef2fed39adc3c7a7b76.www.farhan.tastycidr.net.",
                            "domain_validation_options.0.resource_record_type": "CNAME",
                            "domain_validation_options.0.resource_record_value": "_b2c20e905cc175620594379a5e57f9a8.tljzshvwok.acm-validations.aws.",
                            "id": "arn:aws:acm:us-east-1:213722482034:certificate/d9cf82dc-0560-438c-b742-adff03e86fe5",
                            "subject_alternative_names.#": "0",
                            "tags.%": "0",
                            "validation_emails.#": "0",
                            "validation_method": "DNS"
                        },
                        "meta": {},
                        "tainted": false
                    },
                    "deposed": [],
                    "provider": "provider.aws"
                },
                "aws_acm_certificate_validation.farhan": {
                    "type": "aws_acm_certificate_validation",
                    "depends_on": [
                        "aws_acm_certificate.farhan",
                        "aws_route53_record.cert_validation"
                    ],
                    "primary": {
                        "id": "2018-10-19 03:28:59 +0000 UTC",
                        "attributes": {
                            "certificate_arn": "arn:aws:acm:us-east-1:213722482034:certificate/d9cf82dc-0560-438c-b742-adff03e86fe5",
                            "id": "2018-10-19 03:28:59 +0000 UTC",
                            "validation_record_fqdns.#": "1",
                            "validation_record_fqdns.3279280002": "_5897cad335990ef2fed39adc3c7a7b76.www.farhan.tastycidr.net"
                        },
                        "meta": {
                            "e2bfb730-ecaa-11e6-8f88-34363bc7c4c0": {
                                "create": 2700000000000
                            }
                        },
                        "tainted": false
                    },
                    "deposed": [],
                    "provider": "provider.aws"
                },
                "aws_elb.webservers": {
                    "type": "aws_elb",
                    "depends_on": [
                        "aws_acm_certificate.farhan",
                        "aws_security_group.elb",
                        "aws_subnet.frontend-a",
                        "aws_subnet.frontend-b",
                        "aws_subnet.frontend-c"
                    ],
                    "primary": {
                        "id": "webservers",
                        "attributes": {
                            "access_logs.#": "0",
                            "arn": "arn:aws:elasticloadbalancing:us-east-1:213722482034:loadbalancer/webservers",
                            "availability_zones.#": "3",
                            "availability_zones.1305112097": "us-east-1b",
                            "availability_zones.3569565595": "us-east-1a",
                            "availability_zones.986537655": "us-east-1c",
                            "connection_draining": "false",
                            "connection_draining_timeout": "300",
                            "cross_zone_load_balancing": "true",
                            "dns_name": "webservers-966083373.us-east-1.elb.amazonaws.com",
                            "health_check.#": "1",
                            "health_check.0.healthy_threshold": "2",
                            "health_check.0.interval": "20",
                            "health_check.0.target": "HTTP:80/",
                            "health_check.0.timeout": "3",
                            "health_check.0.unhealthy_threshold": "2",
                            "id": "webservers",
                            "idle_timeout": "60",
                            "instances.#": "3",
                            "instances.1100690600": "i-0d15a5f94ee951252",
                            "instances.2693409269": "i-0a6a5125f33842b33",
                            "instances.2821607856": "i-04eb5a553f3f98bbc",
                            "internal": "false",
                            "listener.#": "2",
                            "listener.1109370241.instance_port": "80",
                            "listener.1109370241.instance_protocol": "http",
                            "listener.1109370241.lb_port": "443",
                            "listener.1109370241.lb_protocol": "https",
                            "listener.1109370241.ssl_certificate_id": "arn:aws:acm:us-east-1:213722482034:certificate/d9cf82dc-0560-438c-b742-adff03e86fe5",
                            "listener.3057123346.instance_port": "80",
                            "listener.3057123346.instance_protocol": "http",
                            "listener.3057123346.lb_port": "80",
                            "listener.3057123346.lb_protocol": "http",
                            "listener.3057123346.ssl_certificate_id": "",
                            "name": "webservers",
                            "security_groups.#": "1",
                            "security_groups.570248690": "sg-06a2b50e8201977a3",
                            "source_security_group": "213722482034/elb",
                            "source_security_group_id": "sg-06a2b50e8201977a3",
                            "subnets.#": "3",
                            "subnets.1629900210": "subnet-0a1fadbce70dc157f",
                            "subnets.2360878816": "subnet-01a1ade5194e25992",
                            "subnets.2434043232": "subnet-07a969d76a9967aba",
                            "tags.%": "1",
                            "tags.Name": "webservers",
                            "zone_id": "Z35SXDOTRQ7X7K"
                        },
                        "meta": {},
                        "tainted": false
                    },
                    "deposed": [],
                    "provider": "provider.aws"
                },
                "aws_internet_gateway.gw": {
                    "type": "aws_internet_gateway",
                    "depends_on": [
                        "aws_vpc.main"
                    ],
                    "primary": {
                        "id": "igw-0771a222b548657c9",
                        "attributes": {
                            "id": "igw-0771a222b548657c9",
                            "tags.%": "1",
                            "tags.Name": "main",
                            "vpc_id": "vpc-08dc1fc7265c1ec14"
                        },
                        "meta": {},
                        "tainted": false
                    },
                    "deposed": [],
                    "provider": "provider.aws"
                },
                "aws_key_pair.farhan": {
                    "type": "aws_key_pair",
                    "depends_on": [],
                    "primary": {
                        "id": "farhan",
                        "attributes": {
                            "fingerprint": "70:20:1d:65:25:5b:03:1c:5d:cc:51:20:44:30:d2:58",
                            "id": "farhan",
                            "key_name": "farhan",
                            "public_key": "ssh-rsa AAAAB3NzaC1yc2EAAAADAQABAAACAQCbFmBUZofPhyF3KYxFmk2rAaNzhgujgznQUMxW5wViKu3yxzYbly6jV/2akUW44uZ9oeSh1jP7y7/mErhhkboeEkF1OEtfq9gQcWx8RUc/OqbMLSU9X7cVrqykl8W9FbT3dzvk0m0JCmyeOTx1rpN48fsvMWg0I6fJ11q9ZvwoIlCPIpJVzYRDJoxNUbwX80VmlkluY04fdqDz3nJgnzf3Gcz60FJHEpUOJn1pQxKfiDy5lqUMRZ8/+nQe1VBwUkEAtfps5m9qdybvbbW2BAaxX/rqZNS6rCGV1h+wTgbE5X1SUAZVh57J5lAwczy/gFXhZW/hlxQkJkOuLNjbOMLH12dt4rNcrvF+haghJcRgwkbC14JohPJQUw7vIL+dDQ8Ph8+GRdDQngviY0V9OHXlZl7L3MJ75vUdWFHS49CaD+NklYcAJF86sRjJH5t0vzCmYUCiEPKweo7i/s9xUzItwReVr/6fnNcIVXb+3sEdGX6LhR94tiyWz5yfBYzvK4JNo0aZ2t/BXtgyvFShjnBdNo6S3DvUPYqy66RWPcmIsyB1CzcxV7C4coiqdGwePI3Jq4eO2i2G1WsMoKq8xMm6UOjLQ+VL1roNsAw00SASRIJTz4NEBTmg+Kdxf1Ja9YPPpfWlz/+cEuxLOsVFyw5Y1h/v8HWLtBBiYQdlygoucw=="
                        },
                        "meta": {
                            "schema_version": "1"
                        },
                        "tainted": false
                    },
                    "deposed": [],
                    "provider": "provider.aws"
                },
                "aws_launch_configuration.webserver": {
                    "type": "aws_launch_configuration",
                    "depends_on": [
                        "aws_key_pair.farhan",
                        "aws_security_group.ssh",
                        "aws_security_group.webservers"
                    ],
                    "primary": {
                        "id": "webserver_20181019031106021400000002",
                        "attributes": {
                            "associate_public_ip_address": "false",
                            "ebs_block_device.#": "0",
                            "ebs_optimized": "false",
                            "enable_monitoring": "true",
                            "ephemeral_block_device.#": "0",
                            "iam_instance_profile": "",
                            "id": "webserver_20181019031106021400000002",
                            "image_id": "ami-07917569e2c4a2b6a",
                            "instance_type": "t2.micro",
                            "key_name": "farhan",
                            "name": "webserver_20181019031106021400000002",
                            "name_prefix": "webserver_",
                            "root_block_device.#": "0",
                            "security_groups.#": "2",
                            "security_groups.3880483781": "sg-0855c90b88ec2f338",
                            "security_groups.3965088211": "sg-0959c085e26a4fc4a",
                            "spot_price": "",
                            "vpc_classic_link_id": "",
                            "vpc_classic_link_security_groups.#": "0"
                        },
                        "meta": {},
                        "tainted": false
                    },
                    "deposed": [],
                    "provider": "provider.aws"
                },
                "aws_route53_record.cert_validation": {
                    "type": "aws_route53_record",
                    "depends_on": [
                        "aws_acm_certificate.farhan",
                        "aws_route53_zone.farhan"
                    ],
                    "primary": {
                        "id": "Z14ONFPFRW1D1N__5897cad335990ef2fed39adc3c7a7b76.www.farhan.tastycidr.net._CNAME",
                        "attributes": {
                            "allow_overwrite": "true",
                            "fqdn": "_5897cad335990ef2fed39adc3c7a7b76.www.farhan.tastycidr.net",
                            "health_check_id": "",
                            "id": "Z14ONFPFRW1D1N__5897cad335990ef2fed39adc3c7a7b76.www.farhan.tastycidr.net._CNAME",
                            "name": "_5897cad335990ef2fed39adc3c7a7b76.www.farhan.tastycidr.net",
                            "records.#": "1",
                            "records.2544396684": "_b2c20e905cc175620594379a5e57f9a8.tljzshvwok.acm-validations.aws.",
                            "set_identifier": "",
                            "ttl": "60",
                            "type": "CNAME",
                            "zone_id": "Z14ONFPFRW1D1N"
                        },
                        "meta": {
                            "schema_version": "2"
                        },
                        "tainted": false
                    },
                    "deposed": [],
                    "provider": "provider.aws"
                },
                "aws_route53_record.www": {
                    "type": "aws_route53_record",
                    "depends_on": [
                        "aws_elb.webservers",
                        "aws_route53_zone.farhan"
                    ],
                    "primary": {
                        "id": "Z14ONFPFRW1D1N_www.farhan.tastycidr.net_CNAME",
                        "attributes": {
                            "allow_overwrite": "true",
                            "fqdn": "www.farhan.tastycidr.net",
                            "id": "Z14ONFPFRW1D1N_www.farhan.tastycidr.net_CNAME",
                            "name": "www.farhan.tastycidr.net",
                            "records.#": "1",
                            "records.758366731": "webservers-966083373.us-east-1.elb.amazonaws.com",
                            "ttl": "300",
                            "type": "CNAME",
                            "zone_id": "Z14ONFPFRW1D1N"
                        },
                        "meta": {
                            "schema_version": "2"
                        },
                        "tainted": false
                    },
                    "deposed": [],
                    "provider": "provider.aws"
                },
                "aws_route53_zone.farhan": {
                    "type": "aws_route53_zone",
                    "depends_on": [],
                    "primary": {
                        "id": "Z14ONFPFRW1D1N",
                        "attributes": {
                            "comment": "farhan.tastycidr.net Route53 Zone",
                            "force_destroy": "false",
                            "id": "Z14ONFPFRW1D1N",
                            "name": "farhan.tastycidr.net.",
                            "name_servers.#": "4",
                            "name_servers.0": "ns-130.awsdns-16.com",
                            "name_servers.1": "ns-1358.awsdns-41.org",
                            "name_servers.2": "ns-1747.awsdns-26.co.uk",
                            "name_servers.3": "ns-814.awsdns-37.net",
                            "tags.%": "2",
                            "tags.Name": "farhan.tastycidr.net",
                            "tags.Terraform": "True",
                            "zone_id": "Z14ONFPFRW1D1N"
                        },
                        "meta": {},
                        "tainted": false
                    },
                    "deposed": [],
                    "provider": "provider.aws"
                },
                "aws_route_table.r": {
                    "type": "aws_route_table",
                    "depends_on": [
                        "aws_internet_gateway.gw",
                        "aws_vpc.main"
                    ],
                    "primary": {
                        "id": "rtb-0f6c495780efd1415",
                        "attributes": {
                            "id": "rtb-0f6c495780efd1415",
                            "propagating_vgws.#": "0",
                            "route.#": "1",
                            "route.2392464692.cidr_block": "0.0.0.0/0",
                            "route.2392464692.egress_only_gateway_id": "",
                            "route.2392464692.gateway_id": "igw-0771a222b548657c9",
                            "route.2392464692.instance_id": "",
                            "route.2392464692.ipv6_cidr_block": "",
                            "route.2392464692.nat_gateway_id": "",
                            "route.2392464692.network_interface_id": "",
                            "route.2392464692.vpc_peering_connection_id": "",
                            "tags.%": "1",
                            "tags.Name": "main",
                            "vpc_id": "vpc-08dc1fc7265c1ec14"
                        },
                        "meta": {},
                        "tainted": false
                    },
                    "deposed": [],
                    "provider": "provider.aws"
                },
                "aws_route_table_association.application-a": {
                    "type": "aws_route_table_association",
                    "depends_on": [
                        "aws_route_table.r",
                        "aws_subnet.application-a"
                    ],
                    "primary": {
                        "id": "rtbassoc-0784d564fb7805aa4",
                        "attributes": {
                            "id": "rtbassoc-0784d564fb7805aa4",
                            "route_table_id": "rtb-0f6c495780efd1415",
                            "subnet_id": "subnet-01df161f696391036"
                        },
                        "meta": {},
                        "tainted": false
                    },
                    "deposed": [],
                    "provider": "provider.aws"
                },
                "aws_route_table_association.application-b": {
                    "type": "aws_route_table_association",
                    "depends_on": [
                        "aws_route_table.r",
                        "aws_subnet.application-b"
                    ],
                    "primary": {
                        "id": "rtbassoc-00c48a1cb2a52a833",
                        "attributes": {
                            "id": "rtbassoc-00c48a1cb2a52a833",
                            "route_table_id": "rtb-0f6c495780efd1415",
                            "subnet_id": "subnet-0ca1a16d2bef8a396"
                        },
                        "meta": {},
                        "tainted": false
                    },
                    "deposed": [],
                    "provider": "provider.aws"
                },
                "aws_route_table_association.application-c": {
                    "type": "aws_route_table_association",
                    "depends_on": [
                        "aws_route_table.r",
                        "aws_subnet.application-c"
                    ],
                    "primary": {
                        "id": "rtbassoc-01b4f33d9b8863da8",
                        "attributes": {
                            "id": "rtbassoc-01b4f33d9b8863da8",
                            "route_table_id": "rtb-0f6c495780efd1415",
                            "subnet_id": "subnet-039c5fa407ee04d0e"
                        },
                        "meta": {},
                        "tainted": false
                    },
                    "deposed": [],
                    "provider": "provider.aws"
                },
                "aws_route_table_association.database-a": {
                    "type": "aws_route_table_association",
                    "depends_on": [
                        "aws_route_table.r",
                        "aws_subnet.database-a"
                    ],
                    "primary": {
                        "id": "rtbassoc-07160c88002fdc199",
                        "attributes": {
                            "id": "rtbassoc-07160c88002fdc199",
                            "route_table_id": "rtb-0f6c495780efd1415",
                            "subnet_id": "subnet-030efcd12b894f050"
                        },
                        "meta": {},
                        "tainted": false
                    },
                    "deposed": [],
                    "provider": "provider.aws"
                },
                "aws_route_table_association.database-b": {
                    "type": "aws_route_table_association",
                    "depends_on": [
                        "aws_route_table.r",
                        "aws_subnet.database-b"
                    ],
                    "primary": {
                        "id": "rtbassoc-02fe72a05fcaf9d34",
                        "attributes": {
                            "id": "rtbassoc-02fe72a05fcaf9d34",
                            "route_table_id": "rtb-0f6c495780efd1415",
                            "subnet_id": "subnet-0c29264e8e5d18138"
                        },
                        "meta": {},
                        "tainted": false
                    },
                    "deposed": [],
                    "provider": "provider.aws"
                },
                "aws_route_table_association.database-c": {
                    "type": "aws_route_table_association",
                    "depends_on": [
                        "aws_route_table.r",
                        "aws_subnet.database-c"
                    ],
                    "primary": {
                        "id": "rtbassoc-0774590cca121b198",
                        "attributes": {
                            "id": "rtbassoc-0774590cca121b198",
                            "route_table_id": "rtb-0f6c495780efd1415",
                            "subnet_id": "subnet-0071539c02137d238"
                        },
                        "meta": {},
                        "tainted": false
                    },
                    "deposed": [],
                    "provider": "provider.aws"
                },
                "aws_route_table_association.frontend-a": {
                    "type": "aws_route_table_association",
                    "depends_on": [
                        "aws_route_table.r",
                        "aws_subnet.frontend-a"
                    ],
                    "primary": {
                        "id": "rtbassoc-021ca434666ff154e",
                        "attributes": {
                            "id": "rtbassoc-021ca434666ff154e",
                            "route_table_id": "rtb-0f6c495780efd1415",
                            "subnet_id": "subnet-01a1ade5194e25992"
                        },
                        "meta": {},
                        "tainted": false
                    },
                    "deposed": [],
                    "provider": "provider.aws"
                },
                "aws_route_table_association.frontend-b": {
                    "type": "aws_route_table_association",
                    "depends_on": [
                        "aws_route_table.r",
                        "aws_subnet.frontend-b"
                    ],
                    "primary": {
                        "id": "rtbassoc-07093deea7c09ec6f",
                        "attributes": {
                            "id": "rtbassoc-07093deea7c09ec6f",
                            "route_table_id": "rtb-0f6c495780efd1415",
                            "subnet_id": "subnet-07a969d76a9967aba"
                        },
                        "meta": {},
                        "tainted": false
                    },
                    "deposed": [],
                    "provider": "provider.aws"
                },
                "aws_route_table_association.frontend-c": {
                    "type": "aws_route_table_association",
                    "depends_on": [
                        "aws_route_table.r",
                        "aws_subnet.frontend-c"
                    ],
                    "primary": {
                        "id": "rtbassoc-0e5687425a1e35e83",
                        "attributes": {
                            "id": "rtbassoc-0e5687425a1e35e83",
                            "route_table_id": "rtb-0f6c495780efd1415",
                            "subnet_id": "subnet-0a1fadbce70dc157f"
                        },
                        "meta": {},
                        "tainted": false
                    },
                    "deposed": [],
                    "provider": "provider.aws"
                },
                "aws_security_group.elb": {
                    "type": "aws_security_group",
                    "depends_on": [
                        "aws_vpc.main"
                    ],
                    "primary": {
                        "id": "sg-06a2b50e8201977a3",
                        "attributes": {
                            "arn": "arn:aws:ec2:us-east-1:213722482034:security-group/sg-06a2b50e8201977a3",
                            "description": "security group for application elb",
                            "egress.#": "1",
                            "egress.482069346.cidr_blocks.#": "1",
                            "egress.482069346.cidr_blocks.0": "0.0.0.0/0",
                            "egress.482069346.description": "",
                            "egress.482069346.from_port": "0",
                            "egress.482069346.ipv6_cidr_blocks.#": "0",
                            "egress.482069346.prefix_list_ids.#": "0",
                            "egress.482069346.protocol": "-1",
                            "egress.482069346.security_groups.#": "0",
                            "egress.482069346.self": "false",
                            "egress.482069346.to_port": "0",
                            "id": "sg-06a2b50e8201977a3",
                            "ingress.#": "2",
                            "ingress.2214680975.cidr_blocks.#": "1",
                            "ingress.2214680975.cidr_blocks.0": "0.0.0.0/0",
                            "ingress.2214680975.description": "",
                            "ingress.2214680975.from_port": "80",
                            "ingress.2214680975.ipv6_cidr_blocks.#": "0",
                            "ingress.2214680975.prefix_list_ids.#": "0",
                            "ingress.2214680975.protocol": "tcp",
                            "ingress.2214680975.security_groups.#": "0",
                            "ingress.2214680975.self": "false",
                            "ingress.2214680975.to_port": "80",
                            "ingress.2617001939.cidr_blocks.#": "1",
                            "ingress.2617001939.cidr_blocks.0": "0.0.0.0/0",
                            "ingress.2617001939.description": "",
                            "ingress.2617001939.from_port": "443",
                            "ingress.2617001939.ipv6_cidr_blocks.#": "0",
                            "ingress.2617001939.prefix_list_ids.#": "0",
                            "ingress.2617001939.protocol": "tcp",
                            "ingress.2617001939.security_groups.#": "0",
                            "ingress.2617001939.self": "false",
                            "ingress.2617001939.to_port": "443",
                            "name": "elb",
                            "owner_id": "213722482034",
                            "revoke_rules_on_delete": "false",
                            "tags.%": "1",
                            "tags.Name": "webservers",
                            "vpc_id": "vpc-08dc1fc7265c1ec14"
                        },
                        "meta": {
                            "e2bfb730-ecaa-11e6-8f88-34363bc7c4c0": {
                                "create": 600000000000,
                                "delete": 600000000000
                            },
                            "schema_version": "1"
                        },
                        "tainted": false
                    },
                    "deposed": [],
                    "provider": "provider.aws"
                },
                "aws_security_group.ssh": {
                    "type": "aws_security_group",
                    "depends_on": [
                        "aws_vpc.main"
                    ],
                    "primary": {
                        "id": "sg-0855c90b88ec2f338",
                        "attributes": {
                            "arn": "arn:aws:ec2:us-east-1:213722482034:security-group/sg-0855c90b88ec2f338",
                            "description": "Allow all ssh traffic",
                            "egress.#": "1",
                            "egress.482069346.cidr_blocks.#": "1",
                            "egress.482069346.cidr_blocks.0": "0.0.0.0/0",
                            "egress.482069346.description": "",
                            "egress.482069346.from_port": "0",
                            "egress.482069346.ipv6_cidr_blocks.#": "0",
                            "egress.482069346.prefix_list_ids.#": "0",
                            "egress.482069346.protocol": "-1",
                            "egress.482069346.security_groups.#": "0",
                            "egress.482069346.self": "false",
                            "egress.482069346.to_port": "0",
                            "id": "sg-0855c90b88ec2f338",
                            "ingress.#": "1",
                            "ingress.555246442.cidr_blocks.#": "1",
                            "ingress.555246442.cidr_blocks.0": "104.158.158.24/32",
                            "ingress.555246442.description": "",
                            "ingress.555246442.from_port": "22",
                            "ingress.555246442.ipv6_cidr_blocks.#": "0",
                            "ingress.555246442.prefix_list_ids.#": "0",
                            "ingress.555246442.protocol": "tcp",
                            "ingress.555246442.security_groups.#": "0",
                            "ingress.555246442.self": "false",
                            "ingress.555246442.to_port": "22",
                            "name": "ssh",
                            "owner_id": "213722482034",
                            "revoke_rules_on_delete": "false",
                            "tags.%": "1",
                            "tags.Name": "webservers",
                            "vpc_id": "vpc-08dc1fc7265c1ec14"
                        },
                        "meta": {
                            "e2bfb730-ecaa-11e6-8f88-34363bc7c4c0": {
                                "create": 600000000000,
                                "delete": 600000000000
                            },
                            "schema_version": "1"
                        },
                        "tainted": false
                    },
                    "deposed": [],
                    "provider": "provider.aws"
                },
                "aws_security_group.webservers": {
                    "type": "aws_security_group",
                    "depends_on": [
                        "aws_security_group.elb",
                        "aws_vpc.main"
                    ],
                    "primary": {
                        "id": "sg-0959c085e26a4fc4a",
                        "attributes": {
                            "arn": "arn:aws:ec2:us-east-1:213722482034:security-group/sg-0959c085e26a4fc4a",
                            "description": "Allow all inbound traffic",
                            "egress.#": "1",
                            "egress.482069346.cidr_blocks.#": "1",
                            "egress.482069346.cidr_blocks.0": "0.0.0.0/0",
                            "egress.482069346.description": "",
                            "egress.482069346.from_port": "0",
                            "egress.482069346.ipv6_cidr_blocks.#": "0",
                            "egress.482069346.prefix_list_ids.#": "0",
                            "egress.482069346.protocol": "-1",
                            "egress.482069346.security_groups.#": "0",
                            "egress.482069346.self": "false",
                            "egress.482069346.to_port": "0",
                            "id": "sg-0959c085e26a4fc4a",
                            "ingress.#": "1",
                            "ingress.4188335410.cidr_blocks.#": "0",
                            "ingress.4188335410.description": "",
                            "ingress.4188335410.from_port": "80",
                            "ingress.4188335410.ipv6_cidr_blocks.#": "0",
                            "ingress.4188335410.prefix_list_ids.#": "0",
                            "ingress.4188335410.protocol": "tcp",
                            "ingress.4188335410.security_groups.#": "1",
                            "ingress.4188335410.security_groups.570248690": "sg-06a2b50e8201977a3",
                            "ingress.4188335410.self": "false",
                            "ingress.4188335410.to_port": "80",
                            "name": "webservers",
                            "owner_id": "213722482034",
                            "revoke_rules_on_delete": "false",
                            "tags.%": "1",
                            "tags.Name": "webservers",
                            "vpc_id": "vpc-08dc1fc7265c1ec14"
                        },
                        "meta": {
                            "e2bfb730-ecaa-11e6-8f88-34363bc7c4c0": {
                                "create": 600000000000,
                                "delete": 600000000000
                            },
                            "schema_version": "1"
                        },
                        "tainted": false
                    },
                    "deposed": [],
                    "provider": "provider.aws"
                },
                "aws_subnet.application-a": {
                    "type": "aws_subnet",
                    "depends_on": [
                        "aws_vpc.main",
                        "data.aws_availability_zones.available"
                    ],
                    "primary": {
                        "id": "subnet-01df161f696391036",
                        "attributes": {
                            "arn": "arn:aws:ec2:us-east-1:213722482034:subnet/subnet-01df161f696391036",
                            "assign_ipv6_address_on_creation": "false",
                            "availability_zone": "us-east-1a",
                            "cidr_block": "172.16.3.0/24",
                            "id": "subnet-01df161f696391036",
                            "map_public_ip_on_launch": "false",
                            "tags.%": "1",
                            "tags.Name": "application-a",
                            "vpc_id": "vpc-08dc1fc7265c1ec14"
                        },
                        "meta": {
                            "e2bfb730-ecaa-11e6-8f88-34363bc7c4c0": {
                                "create": 600000000000,
                                "delete": 600000000000
                            },
                            "schema_version": "1"
                        },
                        "tainted": false
                    },
                    "deposed": [],
                    "provider": "provider.aws"
                },
                "aws_subnet.application-b": {
                    "type": "aws_subnet",
                    "depends_on": [
                        "aws_vpc.main",
                        "data.aws_availability_zones.available"
                    ],
                    "primary": {
                        "id": "subnet-0ca1a16d2bef8a396",
                        "attributes": {
                            "arn": "arn:aws:ec2:us-east-1:213722482034:subnet/subnet-0ca1a16d2bef8a396",
                            "assign_ipv6_address_on_creation": "false",
                            "availability_zone": "us-east-1b",
                            "cidr_block": "172.16.4.0/24",
                            "id": "subnet-0ca1a16d2bef8a396",
                            "map_public_ip_on_launch": "false",
                            "tags.%": "1",
                            "tags.Name": "application-b",
                            "vpc_id": "vpc-08dc1fc7265c1ec14"
                        },
                        "meta": {
                            "e2bfb730-ecaa-11e6-8f88-34363bc7c4c0": {
                                "create": 600000000000,
                                "delete": 600000000000
                            },
                            "schema_version": "1"
                        },
                        "tainted": false
                    },
                    "deposed": [],
                    "provider": "provider.aws"
                },
                "aws_subnet.application-c": {
                    "type": "aws_subnet",
                    "depends_on": [
                        "aws_vpc.main",
                        "data.aws_availability_zones.available"
                    ],
                    "primary": {
                        "id": "subnet-039c5fa407ee04d0e",
                        "attributes": {
                            "arn": "arn:aws:ec2:us-east-1:213722482034:subnet/subnet-039c5fa407ee04d0e",
                            "assign_ipv6_address_on_creation": "false",
                            "availability_zone": "us-east-1c",
                            "cidr_block": "172.16.5.0/24",
                            "id": "subnet-039c5fa407ee04d0e",
                            "map_public_ip_on_launch": "false",
                            "tags.%": "1",
                            "tags.Name": "application-c",
                            "vpc_id": "vpc-08dc1fc7265c1ec14"
                        },
                        "meta": {
                            "e2bfb730-ecaa-11e6-8f88-34363bc7c4c0": {
                                "create": 600000000000,
                                "delete": 600000000000
                            },
                            "schema_version": "1"
                        },
                        "tainted": false
                    },
                    "deposed": [],
                    "provider": "provider.aws"
                },
                "aws_subnet.database-a": {
                    "type": "aws_subnet",
                    "depends_on": [
                        "aws_vpc.main",
                        "data.aws_availability_zones.available"
                    ],
                    "primary": {
                        "id": "subnet-030efcd12b894f050",
                        "attributes": {
                            "arn": "arn:aws:ec2:us-east-1:213722482034:subnet/subnet-030efcd12b894f050",
                            "assign_ipv6_address_on_creation": "false",
                            "availability_zone": "us-east-1a",
                            "cidr_block": "172.16.6.0/24",
                            "id": "subnet-030efcd12b894f050",
                            "map_public_ip_on_launch": "false",
                            "tags.%": "1",
                            "tags.Name": "database-a",
                            "vpc_id": "vpc-08dc1fc7265c1ec14"
                        },
                        "meta": {
                            "e2bfb730-ecaa-11e6-8f88-34363bc7c4c0": {
                                "create": 600000000000,
                                "delete": 600000000000
                            },
                            "schema_version": "1"
                        },
                        "tainted": false
                    },
                    "deposed": [],
                    "provider": "provider.aws"
                },
                "aws_subnet.database-b": {
                    "type": "aws_subnet",
                    "depends_on": [
                        "aws_vpc.main",
                        "data.aws_availability_zones.available"
                    ],
                    "primary": {
                        "id": "subnet-0c29264e8e5d18138",
                        "attributes": {
                            "arn": "arn:aws:ec2:us-east-1:213722482034:subnet/subnet-0c29264e8e5d18138",
                            "assign_ipv6_address_on_creation": "false",
                            "availability_zone": "us-east-1b",
                            "cidr_block": "172.16.7.0/24",
                            "id": "subnet-0c29264e8e5d18138",
                            "map_public_ip_on_launch": "false",
                            "tags.%": "1",
                            "tags.Name": "database-b",
                            "vpc_id": "vpc-08dc1fc7265c1ec14"
                        },
                        "meta": {
                            "e2bfb730-ecaa-11e6-8f88-34363bc7c4c0": {
                                "create": 600000000000,
                                "delete": 600000000000
                            },
                            "schema_version": "1"
                        },
                        "tainted": false
                    },
                    "deposed": [],
                    "provider": "provider.aws"
                },
                "aws_subnet.database-c": {
                    "type": "aws_subnet",
                    "depends_on": [
                        "aws_vpc.main",
                        "data.aws_availability_zones.available"
                    ],
                    "primary": {
                        "id": "subnet-0071539c02137d238",
                        "attributes": {
                            "arn": "arn:aws:ec2:us-east-1:213722482034:subnet/subnet-0071539c02137d238",
                            "assign_ipv6_address_on_creation": "false",
                            "availability_zone": "us-east-1c",
                            "cidr_block": "172.16.8.0/24",
                            "id": "subnet-0071539c02137d238",
                            "map_public_ip_on_launch": "false",
                            "tags.%": "1",
                            "tags.Name": "database-c",
                            "vpc_id": "vpc-08dc1fc7265c1ec14"
                        },
                        "meta": {
                            "e2bfb730-ecaa-11e6-8f88-34363bc7c4c0": {
                                "create": 600000000000,
                                "delete": 600000000000
                            },
                            "schema_version": "1"
                        },
                        "tainted": false
                    },
                    "deposed": [],
                    "provider": "provider.aws"
                },
                "aws_subnet.frontend-a": {
                    "type": "aws_subnet",
                    "depends_on": [
                        "aws_vpc.main",
                        "data.aws_availability_zones.available"
                    ],
                    "primary": {
                        "id": "subnet-01a1ade5194e25992",
                        "attributes": {
                            "arn": "arn:aws:ec2:us-east-1:213722482034:subnet/subnet-01a1ade5194e25992",
                            "assign_ipv6_address_on_creation": "false",
                            "availability_zone": "us-east-1a",
                            "cidr_block": "172.16.0.0/24",
                            "id": "subnet-01a1ade5194e25992",
                            "map_public_ip_on_launch": "false",
                            "tags.%": "1",
                            "tags.Name": "frontend-a",
                            "vpc_id": "vpc-08dc1fc7265c1ec14"
                        },
                        "meta": {
                            "e2bfb730-ecaa-11e6-8f88-34363bc7c4c0": {
                                "create": 600000000000,
                                "delete": 600000000000
                            },
                            "schema_version": "1"
                        },
                        "tainted": false
                    },
                    "deposed": [],
                    "provider": "provider.aws"
                },
                "aws_subnet.frontend-b": {
                    "type": "aws_subnet",
                    "depends_on": [
                        "aws_vpc.main",
                        "data.aws_availability_zones.available"
                    ],
                    "primary": {
                        "id": "subnet-07a969d76a9967aba",
                        "attributes": {
                            "arn": "arn:aws:ec2:us-east-1:213722482034:subnet/subnet-07a969d76a9967aba",
                            "assign_ipv6_address_on_creation": "false",
                            "availability_zone": "us-east-1b",
                            "cidr_block": "172.16.1.0/24",
                            "id": "subnet-07a969d76a9967aba",
                            "map_public_ip_on_launch": "false",
                            "tags.%": "1",
                            "tags.Name": "frontend-b",
                            "vpc_id": "vpc-08dc1fc7265c1ec14"
                        },
                        "meta": {
                            "e2bfb730-ecaa-11e6-8f88-34363bc7c4c0": {
                                "create": 600000000000,
                                "delete": 600000000000
                            },
                            "schema_version": "1"
                        },
                        "tainted": false
                    },
                    "deposed": [],
                    "provider": "provider.aws"
                },
                "aws_subnet.frontend-c": {
                    "type": "aws_subnet",
                    "depends_on": [
                        "aws_vpc.main",
                        "data.aws_availability_zones.available"
                    ],
                    "primary": {
                        "id": "subnet-0a1fadbce70dc157f",
                        "attributes": {
                            "arn": "arn:aws:ec2:us-east-1:213722482034:subnet/subnet-0a1fadbce70dc157f",
                            "assign_ipv6_address_on_creation": "false",
                            "availability_zone": "us-east-1c",
                            "cidr_block": "172.16.2.0/24",
                            "id": "subnet-0a1fadbce70dc157f",
                            "map_public_ip_on_launch": "false",
                            "tags.%": "1",
                            "tags.Name": "frontend-c",
                            "vpc_id": "vpc-08dc1fc7265c1ec14"
                        },
                        "meta": {
                            "e2bfb730-ecaa-11e6-8f88-34363bc7c4c0": {
                                "create": 600000000000,
                                "delete": 600000000000
                            },
                            "schema_version": "1"
                        },
                        "tainted": false
                    },
                    "deposed": [],
                    "provider": "provider.aws"
                },
                "aws_vpc.main": {
                    "type": "aws_vpc",
                    "depends_on": [],
                    "primary": {
                        "id": "vpc-08dc1fc7265c1ec14",
                        "attributes": {
                            "arn": "arn:aws:ec2:us-east-1:213722482034:vpc/vpc-08dc1fc7265c1ec14",
                            "assign_generated_ipv6_cidr_block": "false",
                            "cidr_block": "172.16.0.0/16",
                            "default_network_acl_id": "acl-04fe481d520562ef8",
                            "default_route_table_id": "rtb-0430a5b14d274819c",
                            "default_security_group_id": "sg-0c51d7b0f79916571",
                            "dhcp_options_id": "dopt-fb0a7780",
                            "enable_classiclink": "false",
                            "enable_classiclink_dns_support": "false",
                            "enable_dns_hostnames": "false",
                            "enable_dns_support": "true",
                            "id": "vpc-08dc1fc7265c1ec14",
                            "instance_tenancy": "default",
                            "main_route_table_id": "rtb-0430a5b14d274819c",
                            "tags.%": "1",
                            "tags.Name": "main"
                        },
                        "meta": {
                            "schema_version": "1"
                        },
                        "tainted": false
                    },
                    "deposed": [],
                    "provider": "provider.aws"
                },
                "data.aws_ami.ubuntu": {
                    "type": "aws_ami",
                    "depends_on": [],
                    "primary": {
                        "id": "ami-0977029b5b13f3d08",
                        "attributes": {
                            "architecture": "x86_64",
                            "block_device_mappings.#": "3",
                            "block_device_mappings.1634610537.device_name": "/dev/sdb",
                            "block_device_mappings.1634610537.ebs.%": "0",
                            "block_device_mappings.1634610537.no_device": "",
                            "block_device_mappings.1634610537.virtual_name": "ephemeral0",
                            "block_device_mappings.2547816212.device_name": "/dev/sda1",
                            "block_device_mappings.2547816212.ebs.%": "6",
                            "block_device_mappings.2547816212.ebs.delete_on_termination": "true",
                            "block_device_mappings.2547816212.ebs.encrypted": "false",
                            "block_device_mappings.2547816212.ebs.iops": "0",
                            "block_device_mappings.2547816212.ebs.snapshot_id": "snap-022d9455659e6741c",
                            "block_device_mappings.2547816212.ebs.volume_size": "8",
                            "block_device_mappings.2547816212.ebs.volume_type": "gp2",
                            "block_device_mappings.2547816212.no_device": "",
                            "block_device_mappings.2547816212.virtual_name": "",
                            "block_device_mappings.3850042718.device_name": "/dev/sdc",
                            "block_device_mappings.3850042718.ebs.%": "0",
                            "block_device_mappings.3850042718.no_device": "",
                            "block_device_mappings.3850042718.virtual_name": "ephemeral1",
                            "creation_date": "2018-10-13T15:11:16.000Z",
                            "description": "Canonical, Ubuntu, 18.04 LTS, amd64 bionic image build on 2018-10-12",
                            "filter.#": "2",
                            "filter.490168357.name": "virtualization-type",
                            "filter.490168357.values.#": "1",
                            "filter.490168357.values.0": "hvm",
                            "filter.942818600.name": "name",
                            "filter.942818600.values.#": "1",
                            "filter.942818600.values.0": "ubuntu/images/hvm-ssd/ubuntu-bionic-18.04-amd64-server-*",
                            "hypervisor": "xen",
                            "id": "ami-0977029b5b13f3d08",
                            "image_id": "ami-0977029b5b13f3d08",
                            "image_location": "099720109477/ubuntu/images/hvm-ssd/ubuntu-bionic-18.04-amd64-server-20181012",
                            "image_type": "machine",
                            "most_recent": "true",
                            "name": "ubuntu/images/hvm-ssd/ubuntu-bionic-18.04-amd64-server-20181012",
                            "owner_id": "099720109477",
                            "owners.#": "1",
                            "owners.0": "099720109477",
                            "product_codes.#": "0",
                            "public": "true",
                            "root_device_name": "/dev/sda1",
                            "root_device_type": "ebs",
                            "root_snapshot_id": "snap-022d9455659e6741c",
                            "sriov_net_support": "simple",
                            "state": "available",
                            "state_reason.%": "2",
                            "state_reason.code": "UNSET",
                            "state_reason.message": "UNSET",
                            "tags.%": "0",
                            "virtualization_type": "hvm"
                        },
                        "meta": {},
                        "tainted": false
                    },
                    "deposed": [],
                    "provider": "provider.aws"
                },
                "data.aws_ami.webserver": {
                    "type": "aws_ami",
                    "depends_on": [],
                    "primary": {
                        "id": "ami-0e4b50fefdaccb125",
                        "attributes": {
                            "architecture": "x86_64",
                            "block_device_mappings.#": "3",
                            "block_device_mappings.1634610537.device_name": "/dev/sdb",
                            "block_device_mappings.1634610537.ebs.%": "0",
                            "block_device_mappings.1634610537.no_device": "",
                            "block_device_mappings.1634610537.virtual_name": "ephemeral0",
                            "block_device_mappings.2547816212.device_name": "/dev/sda1",
                            "block_device_mappings.2547816212.ebs.%": "6",
                            "block_device_mappings.2547816212.ebs.delete_on_termination": "true",
                            "block_device_mappings.2547816212.ebs.encrypted": "false",
                            "block_device_mappings.2547816212.ebs.iops": "0",
                            "block_device_mappings.2547816212.ebs.snapshot_id": "snap-051ed60e3579197bc",
                            "block_device_mappings.2547816212.ebs.volume_size": "8",
                            "block_device_mappings.2547816212.ebs.volume_type": "gp2",
                            "block_device_mappings.2547816212.no_device": "",
                            "block_device_mappings.2547816212.virtual_name": "",
                            "block_device_mappings.3850042718.device_name": "/dev/sdc",
                            "block_device_mappings.3850042718.ebs.%": "0",
                            "block_device_mappings.3850042718.no_device": "",
                            "block_device_mappings.3850042718.virtual_name": "ephemeral1",
                            "creation_date": "2018-10-19T03:06:25.000Z",
                            "filter.#": "2",
                            "filter.2469952176.name": "name",
                            "filter.2469952176.values.#": "1",
                            "filter.2469952176.values.0": "webserver_*",
                            "filter.490168357.name": "virtualization-type",
                            "filter.490168357.values.#": "1",
                            "filter.490168357.values.0": "hvm",
                            "hypervisor": "xen",
                            "id": "ami-0e4b50fefdaccb125",
                            "image_id": "ami-0e4b50fefdaccb125",
                            "image_location": "213722482034/webserver_1539918255",
                            "image_type": "machine",
                            "most_recent": "true",
                            "name": "webserver_1539918255",
                            "owner_id": "213722482034",
                            "owners.#": "1",
                            "owners.0": "self",
                            "product_codes.#": "0",
                            "public": "false",
                            "root_device_name": "/dev/sda1",
                            "root_device_type": "ebs",
                            "root_snapshot_id": "snap-051ed60e3579197bc",
                            "sriov_net_support": "simple",
                            "state": "available",
                            "state_reason.%": "2",
                            "state_reason.code": "UNSET",
                            "state_reason.message": "UNSET",
                            "tags.%": "2",
                            "tags.Curate": "True",
                            "tags.Name": "webserver",
                            "virtualization_type": "hvm"
                        },
                        "meta": {},
                        "tainted": false
                    },
                    "deposed": [],
                    "provider": "provider.aws"
                },
                "data.aws_availability_zones.available": {
                    "type": "aws_availability_zones",
                    "depends_on": [],
                    "primary": {
                        "id": "2018-10-19 03:41:03.358702183 +0000 UTC",
                        "attributes": {
                            "id": "2018-10-19 03:41:03.358702183 +0000 UTC",
                            "names.#": "6",
                            "names.0": "us-east-1a",
                            "names.1": "us-east-1b",
                            "names.2": "us-east-1c",
                            "names.3": "us-east-1d",
                            "names.4": "us-east-1e",
                            "names.5": "us-east-1f"
                        },
                        "meta": {},
                        "tainted": false
                    },
                    "deposed": [],
                    "provider": "provider.aws"
                },
                "data.http.icanhazip": {
                    "type": "http",
                    "depends_on": [],
                    "primary": {
                        "id": "2018-10-19 03:31:22.83098481 +0000 UTC",
                        "attributes": {
                            "body": "104.158.158.8\n",
                            "id": "2018-10-19 03:31:22.83098481 +0000 UTC",
                            "url": "http://icanhazip.com"
                        },
                        "meta": {},
                        "tainted": false
                    },
                    "deposed": [],
                    "provider": "provider.http"
                }
            },
            "depends_on": []
        }
    ]
}
