{
    "version": 3,
    "terraform_version": "0.11.8",
    "serial": 41,
    "lineage": "8b8b19a8-927b-9120-9da9-7b4286b4242f",
    "modules": [
        {
            "path": [
                "root"
            ],
            "outputs": {},
            "resources": {
                "aws_acm_certificate.farhan": {
                    "type": "aws_acm_certificate",
                    "depends_on": [],
                    "primary": {
                        "id": "arn:aws:acm:us-east-1:274090899085:certificate/b2113472-329c-4b50-8630-96e4e6f8d8a1",
                        "attributes": {
                            "arn": "arn:aws:acm:us-east-1:274090899085:certificate/b2113472-329c-4b50-8630-96e4e6f8d8a1",
                            "domain_name": "www.farhan.tastycidr.net",
                            "domain_validation_options.#": "1",
                            "domain_validation_options.0.domain_name": "www.farhan.tastycidr.net",
                            "domain_validation_options.0.resource_record_name": "_892685e19bc18326982dd6189ef12cf8.www.farhan.tastycidr.net.",
                            "domain_validation_options.0.resource_record_type": "CNAME",
                            "domain_validation_options.0.resource_record_value": "_ad4118f0bad7610bf5353860d5cfdd80.tljzshvwok.acm-validations.aws.",
                            "id": "arn:aws:acm:us-east-1:274090899085:certificate/b2113472-329c-4b50-8630-96e4e6f8d8a1",
                            "subject_alternative_names.#": "0",
                            "tags.%": "0",
                            "validation_emails.#": "0",
                            "validation_method": "DNS"
                        },
                        "meta": {},
                        "tainted": false
                    },
                    "deposed": [],
                    "provider": "provider.aws"
                },
                "aws_acm_certificate_validation.farhan": {
                    "type": "aws_acm_certificate_validation",
                    "depends_on": [
                        "aws_acm_certificate.farhan",
                        "aws_route53_record.cert_validation"
                    ],
                    "primary": {
                        "id": "2018-09-17 03:49:20 +0000 UTC",
                        "attributes": {
                            "certificate_arn": "arn:aws:acm:us-east-1:274090899085:certificate/b2113472-329c-4b50-8630-96e4e6f8d8a1",
                            "id": "2018-09-17 03:49:20 +0000 UTC",
                            "validation_record_fqdns.#": "1",
                            "validation_record_fqdns.2316228580": "_892685e19bc18326982dd6189ef12cf8.www.farhan.tastycidr.net"
                        },
                        "meta": {
                            "e2bfb730-ecaa-11e6-8f88-34363bc7c4c0": {
                                "create": 2700000000000
                            }
                        },
                        "tainted": false
                    },
                    "deposed": [],
                    "provider": "provider.aws"
                },
                "aws_autoscaling_group.webservers": {
                    "type": "aws_autoscaling_group",
                    "depends_on": [
                        "aws_elb.webservers",
                        "aws_launch_configuration.webserver",
                        "aws_subnet.application-a",
                        "aws_subnet.application-b",
                        "aws_subnet.application-c"
                    ],
                    "primary": {
                        "id": "webservers",
                        "attributes": {
                            "arn": "arn:aws:autoscaling:us-east-1:274090899085:autoScalingGroup:b487e356-e1e7-4477-bdb1-bd9e65e385c0:autoScalingGroupName/webservers",
                            "availability_zones.#": "3",
                            "availability_zones.1305112097": "us-east-1b",
                            "availability_zones.3569565595": "us-east-1a",
                            "availability_zones.986537655": "us-east-1c",
                            "default_cooldown": "300",
                            "desired_capacity": "3",
                            "enabled_metrics.#": "0",
                            "force_delete": "true",
                            "health_check_grace_period": "300",
                            "health_check_type": "EC2",
                            "id": "webservers",
                            "launch_configuration": "webserver_20180917025903046000000001",
                            "launch_template.#": "0",
                            "load_balancers.#": "1",
                            "load_balancers.2713960243": "webservers",
                            "max_size": "3",
                            "metrics_granularity": "1Minute",
                            "min_size": "1",
                            "name": "webservers",
                            "placement_group": "",
                            "protect_from_scale_in": "false",
                            "service_linked_role_arn": "arn:aws:iam::274090899085:role/aws-service-role/autoscaling.amazonaws.com/AWSServiceRoleForAutoScaling",
                            "suspended_processes.#": "0",
                            "tag.#": "1",
                            "tag.1895697639.key": "Name",
                            "tag.1895697639.propagate_at_launch": "true",
                            "tag.1895697639.value": "webserver",
                            "target_group_arns.#": "0",
                            "termination_policies.#": "0",
                            "vpc_zone_identifier.#": "3",
                            "vpc_zone_identifier.2110110125": "subnet-06a830fa5a2db51d9",
                            "vpc_zone_identifier.216467045": "subnet-097b7087c077a4902",
                            "vpc_zone_identifier.3726945713": "subnet-06d67862231d382d9",
                            "wait_for_capacity_timeout": "10m"
                        },
                        "meta": {
                            "e2bfb730-ecaa-11e6-8f88-34363bc7c4c0": {
                                "delete": 600000000000
                            }
                        },
                        "tainted": false
                    },
                    "deposed": [],
                    "provider": "provider.aws"
                },
                "aws_elb.webservers": {
                    "type": "aws_elb",
                    "depends_on": [
                        "aws_security_group.elb",
                        "aws_subnet.frontend-a",
                        "aws_subnet.frontend-b",
                        "aws_subnet.frontend-c"
                    ],
                    "primary": {
                        "id": "webservers",
                        "attributes": {
                            "access_logs.#": "0",
                            "arn": "arn:aws:elasticloadbalancing:us-east-1:274090899085:loadbalancer/webservers",
                            "availability_zones.#": "3",
                            "availability_zones.1305112097": "us-east-1b",
                            "availability_zones.3569565595": "us-east-1a",
                            "availability_zones.986537655": "us-east-1c",
                            "connection_draining": "false",
                            "connection_draining_timeout": "300",
                            "cross_zone_load_balancing": "true",
                            "dns_name": "webservers-457891194.us-east-1.elb.amazonaws.com",
                            "health_check.#": "1",
                            "health_check.0.healthy_threshold": "2",
                            "health_check.0.interval": "20",
                            "health_check.0.target": "HTTP:80/",
                            "health_check.0.timeout": "3",
                            "health_check.0.unhealthy_threshold": "2",
                            "id": "webservers",
                            "idle_timeout": "60",
                            "instances.#": "3",
                            "instances.2060139766": "i-09887ec46a0571d04",
                            "instances.2609139141": "i-0653ec9e9b8e265e0",
                            "instances.3368524481": "i-0f1a2fe165cdfa563",
                            "internal": "false",
                            "listener.#": "1",
                            "listener.3057123346.instance_port": "80",
                            "listener.3057123346.instance_protocol": "http",
                            "listener.3057123346.lb_port": "80",
                            "listener.3057123346.lb_protocol": "http",
                            "listener.3057123346.ssl_certificate_id": "",
                            "name": "webservers",
                            "security_groups.#": "1",
                            "security_groups.711087377": "sg-025dd9e57ba799bc6",
                            "source_security_group": "274090899085/elb",
                            "source_security_group_id": "sg-025dd9e57ba799bc6",
                            "subnets.#": "3",
                            "subnets.1726205428": "subnet-0900adf0fe14b64d8",
                            "subnets.3711213483": "subnet-0dfac88da8808517c",
                            "subnets.4013733042": "subnet-0381faacc043553bd",
                            "tags.%": "1",
                            "tags.Name": "webservers",
                            "zone_id": "Z35SXDOTRQ7X7K"
                        },
                        "meta": {},
                        "tainted": false
                    },
                    "deposed": [],
                    "provider": "provider.aws"
                },
                "aws_internet_gateway.gw": {
                    "type": "aws_internet_gateway",
                    "depends_on": [
                        "aws_vpc.main"
                    ],
                    "primary": {
                        "id": "igw-0a05b00ab4f7c7457",
                        "attributes": {
                            "id": "igw-0a05b00ab4f7c7457",
                            "tags.%": "1",
                            "tags.Name": "main",
                            "vpc_id": "vpc-03dca17d0c9f6e379"
                        },
                        "meta": {},
                        "tainted": false
                    },
                    "deposed": [],
                    "provider": "provider.aws"
                },
                "aws_key_pair.farhan": {
                    "type": "aws_key_pair",
                    "depends_on": [],
                    "primary": {
                        "id": "farhan",
                        "attributes": {
                            "fingerprint": "70:20:1d:65:25:5b:03:1c:5d:cc:51:20:44:30:d2:58",
                            "id": "farhan",
                            "key_name": "farhan",
                            "public_key": "ssh-rsa AAAAB3NzaC1yc2EAAAADAQABAAACAQCbFmBUZofPhyF3KYxFmk2rAaNzhgujgznQUMxW5wViKu3yxzYbly6jV/2akUW44uZ9oeSh1jP7y7/mErhhkboeEkF1OEtfq9gQcWx8RUc/OqbMLSU9X7cVrqykl8W9FbT3dzvk0m0JCmyeOTx1rpN48fsvMWg0I6fJ11q9ZvwoIlCPIpJVzYRDJoxNUbwX80VmlkluY04fdqDz3nJgnzf3Gcz60FJHEpUOJn1pQxKfiDy5lqUMRZ8/+nQe1VBwUkEAtfps5m9qdybvbbW2BAaxX/rqZNS6rCGV1h+wTgbE5X1SUAZVh57J5lAwczy/gFXhZW/hlxQkJkOuLNjbOMLH12dt4rNcrvF+haghJcRgwkbC14JohPJQUw7vIL+dDQ8Ph8+GRdDQngviY0V9OHXlZl7L3MJ75vUdWFHS49CaD+NklYcAJF86sRjJH5t0vzCmYUCiEPKweo7i/s9xUzItwReVr/6fnNcIVXb+3sEdGX6LhR94tiyWz5yfBYzvK4JNo0aZ2t/BXtgyvFShjnBdNo6S3DvUPYqy66RWPcmIsyB1CzcxV7C4coiqdGwePI3Jq4eO2i2G1WsMoKq8xMm6UOjLQ+VL1roNsAw00SASRIJTz4NEBTmg+Kdxf1Ja9YPPpfWlz/+cEuxLOsVFyw5Y1h/v8HWLtBBiYQdlygoucw=="
                        },
                        "meta": {
                            "schema_version": "1"
                        },
                        "tainted": false
                    },
                    "deposed": [],
                    "provider": "provider.aws"
                },
                "aws_launch_configuration.webserver": {
                    "type": "aws_launch_configuration",
                    "depends_on": [],
                    "primary": {
                        "id": "webserver_20180917025903046000000001",
                        "attributes": {
                            "associate_public_ip_address": "false",
                            "ebs_block_device.#": "0",
                            "ebs_optimized": "false",
                            "enable_monitoring": "true",
                            "ephemeral_block_device.#": "0",
                            "iam_instance_profile": "",
                            "id": "webserver_20180917025903046000000001",
                            "image_id": "ami-02c380419f69d6a08",
                            "instance_type": "t2.micro",
                            "key_name": "farhan",
                            "name": "webserver_20180917025903046000000001",
                            "name_prefix": "webserver_",
                            "root_block_device.#": "0",
                            "security_groups.#": "2",
                            "security_groups.1366736501": "sg-0da6731427590b657",
                            "security_groups.2025511498": "sg-026d463f771a9ca2c",
                            "spot_price": "",
                            "vpc_classic_link_id": "",
                            "vpc_classic_link_security_groups.#": "0"
                        },
                        "meta": {},
                        "tainted": false
                    },
                    "deposed": [],
                    "provider": "provider.aws"
                },
                "aws_route53_record.cert_validation": {
                    "type": "aws_route53_record",
                    "depends_on": [
                        "aws_acm_certificate.farhan",
                        "aws_route53_zone.farhan"
                    ],
                    "primary": {
                        "id": "Z3N3933BEHT4ED__892685e19bc18326982dd6189ef12cf8.www.farhan.tastycidr.net._CNAME",
                        "attributes": {
                            "allow_overwrite": "true",
                            "fqdn": "_892685e19bc18326982dd6189ef12cf8.www.farhan.tastycidr.net",
                            "health_check_id": "",
                            "id": "Z3N3933BEHT4ED__892685e19bc18326982dd6189ef12cf8.www.farhan.tastycidr.net._CNAME",
                            "name": "_892685e19bc18326982dd6189ef12cf8.www.farhan.tastycidr.net",
                            "records.#": "1",
                            "records.68133653": "_ad4118f0bad7610bf5353860d5cfdd80.tljzshvwok.acm-validations.aws.",
                            "set_identifier": "",
                            "ttl": "60",
                            "type": "CNAME",
                            "zone_id": "Z3N3933BEHT4ED"
                        },
                        "meta": {
                            "schema_version": "2"
                        },
                        "tainted": false
                    },
                    "deposed": [],
                    "provider": "provider.aws"
                },
                "aws_route53_record.www": {
                    "type": "aws_route53_record",
                    "depends_on": [
                        "aws_elb.webservers",
                        "aws_route53_zone.farhan"
                    ],
                    "primary": {
                        "id": "Z3N3933BEHT4ED_www.farhan.tastycidr.net_CNAME",
                        "attributes": {
                            "allow_overwrite": "true",
                            "fqdn": "www.farhan.tastycidr.net",
                            "health_check_id": "",
                            "id": "Z3N3933BEHT4ED_www.farhan.tastycidr.net_CNAME",
                            "name": "www.farhan.tastycidr.net",
                            "records.#": "1",
                            "records.461495514": "webservers-457891194.us-east-1.elb.amazonaws.com",
                            "set_identifier": "",
                            "ttl": "300",
                            "type": "CNAME",
                            "zone_id": "Z3N3933BEHT4ED"
                        },
                        "meta": {
                            "schema_version": "2"
                        },
                        "tainted": false
                    },
                    "deposed": [],
                    "provider": "provider.aws"
                },
                "aws_route53_zone.farhan": {
                    "type": "aws_route53_zone",
                    "depends_on": [],
                    "primary": {
                        "id": "Z3N3933BEHT4ED",
                        "attributes": {
                            "comment": "farhan.tastycidr.net Route53 Zone",
                            "force_destroy": "false",
                            "id": "Z3N3933BEHT4ED",
                            "name": "farhan.tastycidr.net.",
                            "name_servers.#": "4",
                            "name_servers.0": "ns-1109.awsdns-10.org",
                            "name_servers.1": "ns-1593.awsdns-07.co.uk",
                            "name_servers.2": "ns-469.awsdns-58.com",
                            "name_servers.3": "ns-570.awsdns-07.net",
                            "tags.%": "2",
                            "tags.Name": "farhan.tastycidr.net",
                            "tags.Terraform": "True",
                            "zone_id": "Z3N3933BEHT4ED"
                        },
                        "meta": {},
                        "tainted": false
                    },
                    "deposed": [],
                    "provider": "provider.aws"
                },
                "aws_route_table.r": {
                    "type": "aws_route_table",
                    "depends_on": [
                        "aws_internet_gateway.gw",
                        "aws_vpc.main"
                    ],
                    "primary": {
                        "id": "rtb-0def72694503e5684",
                        "attributes": {
                            "id": "rtb-0def72694503e5684",
                            "propagating_vgws.#": "0",
                            "route.#": "1",
                            "route.1516086007.cidr_block": "0.0.0.0/0",
                            "route.1516086007.egress_only_gateway_id": "",
                            "route.1516086007.gateway_id": "igw-0a05b00ab4f7c7457",
                            "route.1516086007.instance_id": "",
                            "route.1516086007.ipv6_cidr_block": "",
                            "route.1516086007.nat_gateway_id": "",
                            "route.1516086007.network_interface_id": "",
                            "route.1516086007.vpc_peering_connection_id": "",
                            "tags.%": "1",
                            "tags.Name": "main",
                            "vpc_id": "vpc-03dca17d0c9f6e379"
                        },
                        "meta": {},
                        "tainted": false
                    },
                    "deposed": [],
                    "provider": "provider.aws"
                },
                "aws_route_table_association.application-a": {
                    "type": "aws_route_table_association",
                    "depends_on": [
                        "aws_route_table.r",
                        "aws_subnet.application-a"
                    ],
                    "primary": {
                        "id": "rtbassoc-0eb36ab19d3139242",
                        "attributes": {
                            "id": "rtbassoc-0eb36ab19d3139242",
                            "route_table_id": "rtb-0def72694503e5684",
                            "subnet_id": "subnet-097b7087c077a4902"
                        },
                        "meta": {},
                        "tainted": false
                    },
                    "deposed": [],
                    "provider": "provider.aws"
                },
                "aws_route_table_association.application-b": {
                    "type": "aws_route_table_association",
                    "depends_on": [
                        "aws_route_table.r",
                        "aws_subnet.application-b"
                    ],
                    "primary": {
                        "id": "rtbassoc-00599a3465baf2ca6",
                        "attributes": {
                            "id": "rtbassoc-00599a3465baf2ca6",
                            "route_table_id": "rtb-0def72694503e5684",
                            "subnet_id": "subnet-06d67862231d382d9"
                        },
                        "meta": {},
                        "tainted": false
                    },
                    "deposed": [],
                    "provider": "provider.aws"
                },
                "aws_route_table_association.application-c": {
                    "type": "aws_route_table_association",
                    "depends_on": [
                        "aws_route_table.r",
                        "aws_subnet.application-c"
                    ],
                    "primary": {
                        "id": "rtbassoc-096bcc6c333c762fc",
                        "attributes": {
                            "id": "rtbassoc-096bcc6c333c762fc",
                            "route_table_id": "rtb-0def72694503e5684",
                            "subnet_id": "subnet-06a830fa5a2db51d9"
                        },
                        "meta": {},
                        "tainted": false
                    },
                    "deposed": [],
                    "provider": "provider.aws"
                },
                "aws_route_table_association.database-a": {
                    "type": "aws_route_table_association",
                    "depends_on": [
                        "aws_route_table.r",
                        "aws_subnet.database-a"
                    ],
                    "primary": {
                        "id": "rtbassoc-00a7640aaa2f6ccf2",
                        "attributes": {
                            "id": "rtbassoc-00a7640aaa2f6ccf2",
                            "route_table_id": "rtb-0def72694503e5684",
                            "subnet_id": "subnet-0c7efc805505d3216"
                        },
                        "meta": {},
                        "tainted": false
                    },
                    "deposed": [],
                    "provider": "provider.aws"
                },
                "aws_route_table_association.database-b": {
                    "type": "aws_route_table_association",
                    "depends_on": [
                        "aws_route_table.r",
                        "aws_subnet.database-b"
                    ],
                    "primary": {
                        "id": "rtbassoc-09abe943abe86655a",
                        "attributes": {
                            "id": "rtbassoc-09abe943abe86655a",
                            "route_table_id": "rtb-0def72694503e5684",
                            "subnet_id": "subnet-0a34a957548bebb52"
                        },
                        "meta": {},
                        "tainted": false
                    },
                    "deposed": [],
                    "provider": "provider.aws"
                },
                "aws_route_table_association.database-c": {
                    "type": "aws_route_table_association",
                    "depends_on": [
                        "aws_route_table.r",
                        "aws_subnet.database-c"
                    ],
                    "primary": {
                        "id": "rtbassoc-0b8154bdffc378e3e",
                        "attributes": {
                            "id": "rtbassoc-0b8154bdffc378e3e",
                            "route_table_id": "rtb-0def72694503e5684",
                            "subnet_id": "subnet-047835c0ca9176e2e"
                        },
                        "meta": {},
                        "tainted": false
                    },
                    "deposed": [],
                    "provider": "provider.aws"
                },
                "aws_route_table_association.frontend-a": {
                    "type": "aws_route_table_association",
                    "depends_on": [
                        "aws_route_table.r",
                        "aws_subnet.frontend-a"
                    ],
                    "primary": {
                        "id": "rtbassoc-0e8659a42a174d0b3",
                        "attributes": {
                            "id": "rtbassoc-0e8659a42a174d0b3",
                            "route_table_id": "rtb-0def72694503e5684",
                            "subnet_id": "subnet-0381faacc043553bd"
                        },
                        "meta": {},
                        "tainted": false
                    },
                    "deposed": [],
                    "provider": "provider.aws"
                },
                "aws_route_table_association.frontend-b": {
                    "type": "aws_route_table_association",
                    "depends_on": [
                        "aws_route_table.r",
                        "aws_subnet.frontend-b"
                    ],
                    "primary": {
                        "id": "rtbassoc-04924cf996aa5fe64",
                        "attributes": {
                            "id": "rtbassoc-04924cf996aa5fe64",
                            "route_table_id": "rtb-0def72694503e5684",
                            "subnet_id": "subnet-0dfac88da8808517c"
                        },
                        "meta": {},
                        "tainted": false
                    },
                    "deposed": [],
                    "provider": "provider.aws"
                },
                "aws_route_table_association.frontend-c": {
                    "type": "aws_route_table_association",
                    "depends_on": [
                        "aws_route_table.r",
                        "aws_subnet.frontend-c"
                    ],
                    "primary": {
                        "id": "rtbassoc-08b1f567d43f5967e",
                        "attributes": {
                            "id": "rtbassoc-08b1f567d43f5967e",
                            "route_table_id": "rtb-0def72694503e5684",
                            "subnet_id": "subnet-0900adf0fe14b64d8"
                        },
                        "meta": {},
                        "tainted": false
                    },
                    "deposed": [],
                    "provider": "provider.aws"
                },
                "aws_security_group.elb": {
                    "type": "aws_security_group",
                    "depends_on": [
                        "aws_vpc.main"
                    ],
                    "primary": {
                        "id": "sg-025dd9e57ba799bc6",
                        "attributes": {
                            "arn": "arn:aws:ec2:us-east-1:274090899085:security-group/sg-025dd9e57ba799bc6",
                            "description": "security group for application elb",
                            "egress.#": "1",
                            "egress.482069346.cidr_blocks.#": "1",
                            "egress.482069346.cidr_blocks.0": "0.0.0.0/0",
                            "egress.482069346.description": "",
                            "egress.482069346.from_port": "0",
                            "egress.482069346.ipv6_cidr_blocks.#": "0",
                            "egress.482069346.prefix_list_ids.#": "0",
                            "egress.482069346.protocol": "-1",
                            "egress.482069346.security_groups.#": "0",
                            "egress.482069346.self": "false",
                            "egress.482069346.to_port": "0",
                            "id": "sg-025dd9e57ba799bc6",
                            "ingress.#": "2",
                            "ingress.2214680975.cidr_blocks.#": "1",
                            "ingress.2214680975.cidr_blocks.0": "0.0.0.0/0",
                            "ingress.2214680975.description": "",
                            "ingress.2214680975.from_port": "80",
                            "ingress.2214680975.ipv6_cidr_blocks.#": "0",
                            "ingress.2214680975.protocol": "tcp",
                            "ingress.2214680975.security_groups.#": "0",
                            "ingress.2214680975.self": "false",
                            "ingress.2214680975.to_port": "80",
                            "ingress.2617001939.cidr_blocks.#": "1",
                            "ingress.2617001939.cidr_blocks.0": "0.0.0.0/0",
                            "ingress.2617001939.description": "",
                            "ingress.2617001939.from_port": "443",
                            "ingress.2617001939.ipv6_cidr_blocks.#": "0",
                            "ingress.2617001939.protocol": "tcp",
                            "ingress.2617001939.security_groups.#": "0",
                            "ingress.2617001939.self": "false",
                            "ingress.2617001939.to_port": "443",
                            "name": "elb",
                            "owner_id": "274090899085",
                            "revoke_rules_on_delete": "false",
                            "tags.%": "1",
                            "tags.Name": "webservers",
                            "vpc_id": "vpc-03dca17d0c9f6e379"
                        },
                        "meta": {
                            "e2bfb730-ecaa-11e6-8f88-34363bc7c4c0": {
                                "create": 600000000000,
                                "delete": 600000000000
                            },
                            "schema_version": "1"
                        },
                        "tainted": false
                    },
                    "deposed": [],
                    "provider": "provider.aws"
                },
                "aws_security_group.ssh": {
                    "type": "aws_security_group",
                    "depends_on": [
                        "aws_vpc.main"
                    ],
                    "primary": {
                        "id": "sg-0da6731427590b657",
                        "attributes": {
                            "arn": "arn:aws:ec2:us-east-1:274090899085:security-group/sg-0da6731427590b657",
                            "description": "Allow all ssh traffic",
                            "egress.#": "1",
                            "egress.482069346.cidr_blocks.#": "1",
                            "egress.482069346.cidr_blocks.0": "0.0.0.0/0",
                            "egress.482069346.description": "",
                            "egress.482069346.from_port": "0",
                            "egress.482069346.ipv6_cidr_blocks.#": "0",
                            "egress.482069346.prefix_list_ids.#": "0",
                            "egress.482069346.protocol": "-1",
                            "egress.482069346.security_groups.#": "0",
                            "egress.482069346.self": "false",
                            "egress.482069346.to_port": "0",
                            "id": "sg-0da6731427590b657",
                            "ingress.#": "1",
                            "ingress.555246442.cidr_blocks.#": "1",
                            "ingress.555246442.cidr_blocks.0": "104.158.158.24/32",
                            "ingress.555246442.description": "",
                            "ingress.555246442.from_port": "22",
                            "ingress.555246442.ipv6_cidr_blocks.#": "0",
                            "ingress.555246442.protocol": "tcp",
                            "ingress.555246442.security_groups.#": "0",
                            "ingress.555246442.self": "false",
                            "ingress.555246442.to_port": "22",
                            "name": "ssh",
                            "owner_id": "274090899085",
                            "revoke_rules_on_delete": "false",
                            "tags.%": "1",
                            "tags.Name": "webservers",
                            "vpc_id": "vpc-03dca17d0c9f6e379"
                        },
                        "meta": {
                            "e2bfb730-ecaa-11e6-8f88-34363bc7c4c0": {
                                "create": 600000000000,
                                "delete": 600000000000
                            },
                            "schema_version": "1"
                        },
                        "tainted": false
                    },
                    "deposed": [],
                    "provider": "provider.aws"
                },
                "aws_security_group.webservers": {
                    "type": "aws_security_group",
                    "depends_on": [
                        "aws_security_group.elb",
                        "aws_vpc.main"
                    ],
                    "primary": {
                        "id": "sg-026d463f771a9ca2c",
                        "attributes": {
                            "arn": "arn:aws:ec2:us-east-1:274090899085:security-group/sg-026d463f771a9ca2c",
                            "description": "Allow all inbound traffic",
                            "egress.#": "1",
                            "egress.482069346.cidr_blocks.#": "1",
                            "egress.482069346.cidr_blocks.0": "0.0.0.0/0",
                            "egress.482069346.description": "",
                            "egress.482069346.from_port": "0",
                            "egress.482069346.ipv6_cidr_blocks.#": "0",
                            "egress.482069346.prefix_list_ids.#": "0",
                            "egress.482069346.protocol": "-1",
                            "egress.482069346.security_groups.#": "0",
                            "egress.482069346.self": "false",
                            "egress.482069346.to_port": "0",
                            "id": "sg-026d463f771a9ca2c",
                            "ingress.#": "1",
                            "ingress.3232547304.cidr_blocks.#": "0",
                            "ingress.3232547304.description": "",
                            "ingress.3232547304.from_port": "80",
                            "ingress.3232547304.ipv6_cidr_blocks.#": "0",
                            "ingress.3232547304.protocol": "tcp",
                            "ingress.3232547304.security_groups.#": "1",
                            "ingress.3232547304.security_groups.711087377": "sg-025dd9e57ba799bc6",
                            "ingress.3232547304.self": "false",
                            "ingress.3232547304.to_port": "80",
                            "name": "webservers",
                            "owner_id": "274090899085",
                            "revoke_rules_on_delete": "false",
                            "tags.%": "1",
                            "tags.Name": "webservers",
                            "vpc_id": "vpc-03dca17d0c9f6e379"
                        },
                        "meta": {
                            "e2bfb730-ecaa-11e6-8f88-34363bc7c4c0": {
                                "create": 600000000000,
                                "delete": 600000000000
                            },
                            "schema_version": "1"
                        },
                        "tainted": false
                    },
                    "deposed": [],
                    "provider": "provider.aws"
                },
                "aws_subnet.application-a": {
                    "type": "aws_subnet",
                    "depends_on": [
                        "aws_vpc.main",
                        "data.aws_availability_zones.available"
                    ],
                    "primary": {
                        "id": "subnet-097b7087c077a4902",
                        "attributes": {
                            "arn": "arn:aws:ec2:us-east-1:274090899085:subnet/subnet-097b7087c077a4902",
                            "assign_ipv6_address_on_creation": "false",
                            "availability_zone": "us-east-1a",
                            "cidr_block": "172.16.3.0/24",
                            "id": "subnet-097b7087c077a4902",
                            "map_public_ip_on_launch": "false",
                            "tags.%": "1",
                            "tags.Name": "application-a",
                            "vpc_id": "vpc-03dca17d0c9f6e379"
                        },
                        "meta": {
                            "schema_version": "1"
                        },
                        "tainted": false
                    },
                    "deposed": [],
                    "provider": "provider.aws"
                },
                "aws_subnet.application-b": {
                    "type": "aws_subnet",
                    "depends_on": [
                        "aws_vpc.main",
                        "data.aws_availability_zones.available"
                    ],
                    "primary": {
                        "id": "subnet-06d67862231d382d9",
                        "attributes": {
                            "arn": "arn:aws:ec2:us-east-1:274090899085:subnet/subnet-06d67862231d382d9",
                            "assign_ipv6_address_on_creation": "false",
                            "availability_zone": "us-east-1b",
                            "cidr_block": "172.16.4.0/24",
                            "id": "subnet-06d67862231d382d9",
                            "map_public_ip_on_launch": "false",
                            "tags.%": "1",
                            "tags.Name": "application-b",
                            "vpc_id": "vpc-03dca17d0c9f6e379"
                        },
                        "meta": {
                            "schema_version": "1"
                        },
                        "tainted": false
                    },
                    "deposed": [],
                    "provider": "provider.aws"
                },
                "aws_subnet.application-c": {
                    "type": "aws_subnet",
                    "depends_on": [
                        "aws_vpc.main",
                        "data.aws_availability_zones.available"
                    ],
                    "primary": {
                        "id": "subnet-06a830fa5a2db51d9",
                        "attributes": {
                            "arn": "arn:aws:ec2:us-east-1:274090899085:subnet/subnet-06a830fa5a2db51d9",
                            "assign_ipv6_address_on_creation": "false",
                            "availability_zone": "us-east-1c",
                            "cidr_block": "172.16.5.0/24",
                            "id": "subnet-06a830fa5a2db51d9",
                            "map_public_ip_on_launch": "false",
                            "tags.%": "1",
                            "tags.Name": "application-c",
                            "vpc_id": "vpc-03dca17d0c9f6e379"
                        },
                        "meta": {
                            "schema_version": "1"
                        },
                        "tainted": false
                    },
                    "deposed": [],
                    "provider": "provider.aws"
                },
                "aws_subnet.database-a": {
                    "type": "aws_subnet",
                    "depends_on": [
                        "aws_vpc.main",
                        "data.aws_availability_zones.available"
                    ],
                    "primary": {
                        "id": "subnet-0c7efc805505d3216",
                        "attributes": {
                            "arn": "arn:aws:ec2:us-east-1:274090899085:subnet/subnet-0c7efc805505d3216",
                            "assign_ipv6_address_on_creation": "false",
                            "availability_zone": "us-east-1a",
                            "cidr_block": "172.16.6.0/24",
                            "id": "subnet-0c7efc805505d3216",
                            "map_public_ip_on_launch": "false",
                            "tags.%": "1",
                            "tags.Name": "database-a",
                            "vpc_id": "vpc-03dca17d0c9f6e379"
                        },
                        "meta": {
                            "schema_version": "1"
                        },
                        "tainted": false
                    },
                    "deposed": [],
                    "provider": "provider.aws"
                },
                "aws_subnet.database-b": {
                    "type": "aws_subnet",
                    "depends_on": [
                        "aws_vpc.main",
                        "data.aws_availability_zones.available"
                    ],
                    "primary": {
                        "id": "subnet-0a34a957548bebb52",
                        "attributes": {
                            "arn": "arn:aws:ec2:us-east-1:274090899085:subnet/subnet-0a34a957548bebb52",
                            "assign_ipv6_address_on_creation": "false",
                            "availability_zone": "us-east-1b",
                            "cidr_block": "172.16.7.0/24",
                            "id": "subnet-0a34a957548bebb52",
                            "map_public_ip_on_launch": "false",
                            "tags.%": "1",
                            "tags.Name": "database-b",
                            "vpc_id": "vpc-03dca17d0c9f6e379"
                        },
                        "meta": {
                            "schema_version": "1"
                        },
                        "tainted": false
                    },
                    "deposed": [],
                    "provider": "provider.aws"
                },
                "aws_subnet.database-c": {
                    "type": "aws_subnet",
                    "depends_on": [
                        "aws_vpc.main",
                        "data.aws_availability_zones.available"
                    ],
                    "primary": {
                        "id": "subnet-047835c0ca9176e2e",
                        "attributes": {
                            "arn": "arn:aws:ec2:us-east-1:274090899085:subnet/subnet-047835c0ca9176e2e",
                            "assign_ipv6_address_on_creation": "false",
                            "availability_zone": "us-east-1c",
                            "cidr_block": "172.16.8.0/24",
                            "id": "subnet-047835c0ca9176e2e",
                            "map_public_ip_on_launch": "false",
                            "tags.%": "1",
                            "tags.Name": "database-c",
                            "vpc_id": "vpc-03dca17d0c9f6e379"
                        },
                        "meta": {
                            "schema_version": "1"
                        },
                        "tainted": false
                    },
                    "deposed": [],
                    "provider": "provider.aws"
                },
                "aws_subnet.frontend-a": {
                    "type": "aws_subnet",
                    "depends_on": [
                        "aws_vpc.main",
                        "data.aws_availability_zones.available"
                    ],
                    "primary": {
                        "id": "subnet-0381faacc043553bd",
                        "attributes": {
                            "arn": "arn:aws:ec2:us-east-1:274090899085:subnet/subnet-0381faacc043553bd",
                            "assign_ipv6_address_on_creation": "false",
                            "availability_zone": "us-east-1a",
                            "cidr_block": "172.16.0.0/24",
                            "id": "subnet-0381faacc043553bd",
                            "map_public_ip_on_launch": "false",
                            "tags.%": "1",
                            "tags.Name": "frontend-a",
                            "vpc_id": "vpc-03dca17d0c9f6e379"
                        },
                        "meta": {
                            "schema_version": "1"
                        },
                        "tainted": false
                    },
                    "deposed": [],
                    "provider": "provider.aws"
                },
                "aws_subnet.frontend-b": {
                    "type": "aws_subnet",
                    "depends_on": [
                        "aws_vpc.main",
                        "data.aws_availability_zones.available"
                    ],
                    "primary": {
                        "id": "subnet-0dfac88da8808517c",
                        "attributes": {
                            "arn": "arn:aws:ec2:us-east-1:274090899085:subnet/subnet-0dfac88da8808517c",
                            "assign_ipv6_address_on_creation": "false",
                            "availability_zone": "us-east-1b",
                            "cidr_block": "172.16.1.0/24",
                            "id": "subnet-0dfac88da8808517c",
                            "map_public_ip_on_launch": "false",
                            "tags.%": "1",
                            "tags.Name": "frontend-b",
                            "vpc_id": "vpc-03dca17d0c9f6e379"
                        },
                        "meta": {
                            "schema_version": "1"
                        },
                        "tainted": false
                    },
                    "deposed": [],
                    "provider": "provider.aws"
                },
                "aws_subnet.frontend-c": {
                    "type": "aws_subnet",
                    "depends_on": [
                        "aws_vpc.main",
                        "data.aws_availability_zones.available"
                    ],
                    "primary": {
                        "id": "subnet-0900adf0fe14b64d8",
                        "attributes": {
                            "arn": "arn:aws:ec2:us-east-1:274090899085:subnet/subnet-0900adf0fe14b64d8",
                            "assign_ipv6_address_on_creation": "false",
                            "availability_zone": "us-east-1c",
                            "cidr_block": "172.16.2.0/24",
                            "id": "subnet-0900adf0fe14b64d8",
                            "map_public_ip_on_launch": "false",
                            "tags.%": "1",
                            "tags.Name": "frontend-c",
                            "vpc_id": "vpc-03dca17d0c9f6e379"
                        },
                        "meta": {
                            "schema_version": "1"
                        },
                        "tainted": false
                    },
                    "deposed": [],
                    "provider": "provider.aws"
                },
                "aws_vpc.main": {
                    "type": "aws_vpc",
                    "depends_on": [],
                    "primary": {
                        "id": "vpc-03dca17d0c9f6e379",
                        "attributes": {
                            "arn": "arn:aws:ec2:us-east-1:274090899085:vpc/vpc-03dca17d0c9f6e379",
                            "assign_generated_ipv6_cidr_block": "false",
                            "cidr_block": "172.16.0.0/16",
                            "default_network_acl_id": "acl-06fe30cf5bb5ec219",
                            "default_route_table_id": "rtb-05128f963e3dbe7e1",
                            "default_security_group_id": "sg-06f22baccdb5502fa",
                            "dhcp_options_id": "dopt-78ea871e",
                            "enable_classiclink": "false",
                            "enable_classiclink_dns_support": "false",
                            "enable_dns_hostnames": "false",
                            "enable_dns_support": "true",
                            "id": "vpc-03dca17d0c9f6e379",
                            "instance_tenancy": "default",
                            "main_route_table_id": "rtb-05128f963e3dbe7e1",
                            "tags.%": "1",
                            "tags.Name": "main"
                        },
                        "meta": {
                            "schema_version": "1"
                        },
                        "tainted": false
                    },
                    "deposed": [],
                    "provider": "provider.aws"
                },
                "data.aws_ami.ubuntu": {
                    "type": "aws_ami",
                    "depends_on": [],
                    "primary": {
                        "id": "ami-0ac019f4fcb7cb7e6",
                        "attributes": {
                            "architecture": "x86_64",
                            "block_device_mappings.#": "3",
                            "block_device_mappings.1634610537.device_name": "/dev/sdb",
                            "block_device_mappings.1634610537.ebs.%": "0",
                            "block_device_mappings.1634610537.no_device": "",
                            "block_device_mappings.1634610537.virtual_name": "ephemeral0",
                            "block_device_mappings.2547816212.device_name": "/dev/sda1",
                            "block_device_mappings.2547816212.ebs.%": "6",
                            "block_device_mappings.2547816212.ebs.delete_on_termination": "true",
                            "block_device_mappings.2547816212.ebs.encrypted": "false",
                            "block_device_mappings.2547816212.ebs.iops": "0",
                            "block_device_mappings.2547816212.ebs.snapshot_id": "snap-0f08fe61aa57fc583",
                            "block_device_mappings.2547816212.ebs.volume_size": "8",
                            "block_device_mappings.2547816212.ebs.volume_type": "gp2",
                            "block_device_mappings.2547816212.no_device": "",
                            "block_device_mappings.2547816212.virtual_name": "",
                            "block_device_mappings.3850042718.device_name": "/dev/sdc",
                            "block_device_mappings.3850042718.ebs.%": "0",
                            "block_device_mappings.3850042718.no_device": "",
                            "block_device_mappings.3850042718.virtual_name": "ephemeral1",
                            "creation_date": "2018-09-12T21:04:17.000Z",
                            "description": "Canonical, Ubuntu, 18.04 LTS, amd64 bionic image build on 2018-09-12",
                            "filter.#": "2",
                            "filter.490168357.name": "virtualization-type",
                            "filter.490168357.values.#": "1",
                            "filter.490168357.values.0": "hvm",
                            "filter.942818600.name": "name",
                            "filter.942818600.values.#": "1",
                            "filter.942818600.values.0": "ubuntu/images/hvm-ssd/ubuntu-bionic-18.04-amd64-server-*",
                            "hypervisor": "xen",
                            "id": "ami-0ac019f4fcb7cb7e6",
                            "image_id": "ami-0ac019f4fcb7cb7e6",
                            "image_location": "099720109477/ubuntu/images/hvm-ssd/ubuntu-bionic-18.04-amd64-server-20180912",
                            "image_type": "machine",
                            "most_recent": "true",
                            "name": "ubuntu/images/hvm-ssd/ubuntu-bionic-18.04-amd64-server-20180912",
                            "owner_id": "099720109477",
                            "owners.#": "1",
                            "owners.0": "099720109477",
                            "product_codes.#": "0",
                            "public": "true",
                            "root_device_name": "/dev/sda1",
                            "root_device_type": "ebs",
                            "root_snapshot_id": "snap-0f08fe61aa57fc583",
                            "sriov_net_support": "simple",
                            "state": "available",
                            "state_reason.%": "2",
                            "state_reason.code": "UNSET",
                            "state_reason.message": "UNSET",
                            "tags.%": "0",
                            "virtualization_type": "hvm"
                        },
                        "meta": {},
                        "tainted": false
                    },
                    "deposed": [],
                    "provider": "provider.aws"
                },
                "data.aws_ami.webserver": {
                    "type": "aws_ami",
                    "depends_on": [],
                    "primary": {
                        "id": "ami-02c380419f69d6a08",
                        "attributes": {
                            "architecture": "x86_64",
                            "block_device_mappings.#": "3",
                            "block_device_mappings.1634610537.device_name": "/dev/sdb",
                            "block_device_mappings.1634610537.ebs.%": "0",
                            "block_device_mappings.1634610537.no_device": "",
                            "block_device_mappings.1634610537.virtual_name": "ephemeral0",
                            "block_device_mappings.2547816212.device_name": "/dev/sda1",
                            "block_device_mappings.2547816212.ebs.%": "6",
                            "block_device_mappings.2547816212.ebs.delete_on_termination": "true",
                            "block_device_mappings.2547816212.ebs.encrypted": "false",
                            "block_device_mappings.2547816212.ebs.iops": "0",
                            "block_device_mappings.2547816212.ebs.snapshot_id": "snap-0e2d8dc9ecf6c22e9",
                            "block_device_mappings.2547816212.ebs.volume_size": "8",
                            "block_device_mappings.2547816212.ebs.volume_type": "gp2",
                            "block_device_mappings.2547816212.no_device": "",
                            "block_device_mappings.2547816212.virtual_name": "",
                            "block_device_mappings.3850042718.device_name": "/dev/sdc",
                            "block_device_mappings.3850042718.ebs.%": "0",
                            "block_device_mappings.3850042718.no_device": "",
                            "block_device_mappings.3850042718.virtual_name": "ephemeral1",
                            "creation_date": "2018-09-07T03:23:50.000Z",
                            "filter.#": "2",
                            "filter.2469952176.name": "name",
                            "filter.2469952176.values.#": "1",
                            "filter.2469952176.values.0": "webserver_*",
                            "filter.490168357.name": "virtualization-type",
                            "filter.490168357.values.#": "1",
                            "filter.490168357.values.0": "hvm",
                            "hypervisor": "xen",
                            "id": "ami-02c380419f69d6a08",
                            "image_id": "ami-02c380419f69d6a08",
                            "image_location": "274090899085/webserver_1536290459",
                            "image_type": "machine",
                            "most_recent": "true",
                            "name": "webserver_1536290459",
                            "owner_id": "274090899085",
                            "owners.#": "1",
                            "owners.0": "self",
                            "product_codes.#": "0",
                            "public": "false",
                            "root_device_name": "/dev/sda1",
                            "root_device_type": "ebs",
                            "root_snapshot_id": "snap-0e2d8dc9ecf6c22e9",
                            "sriov_net_support": "simple",
                            "state": "available",
                            "state_reason.%": "2",
                            "state_reason.code": "UNSET",
                            "state_reason.message": "UNSET",
                            "tags.%": "2",
                            "tags.Curate": "True",
                            "tags.Name": "webserver",
                            "virtualization_type": "hvm"
                        },
                        "meta": {},
                        "tainted": false
                    },
                    "deposed": [],
                    "provider": "provider.aws"
                },
                "data.aws_availability_zones.available": {
                    "type": "aws_availability_zones",
                    "depends_on": [],
                    "primary": {
                        "id": "2018-09-17 03:48:49.553864011 +0000 UTC",
                        "attributes": {
                            "id": "2018-09-17 03:48:49.553864011 +0000 UTC",
                            "names.#": "6",
                            "names.0": "us-east-1a",
                            "names.1": "us-east-1b",
                            "names.2": "us-east-1c",
                            "names.3": "us-east-1d",
                            "names.4": "us-east-1e",
                            "names.5": "us-east-1f"
                        },
                        "meta": {},
                        "tainted": false
                    },
                    "deposed": [],
                    "provider": "provider.aws"
                },
                "data.http.icanhazip": {
                    "type": "http",
                    "depends_on": [],
                    "primary": {
                        "id": "2018-09-17 03:48:47.528295245 +0000 UTC",
                        "attributes": {
                            "body": "104.158.158.24\n",
                            "id": "2018-09-17 03:48:47.528295245 +0000 UTC",
                            "url": "http://icanhazip.com"
                        },
                        "meta": {},
                        "tainted": false
                    },
                    "deposed": [],
                    "provider": "provider.http"
                }
            },
            "depends_on": []
        }
    ]
}
