{
    "version": 3,
    "terraform_version": "0.11.8",
    "serial": 68,
    "lineage": "8b8b19a8-927b-9120-9da9-7b4286b4242f",
    "modules": [
        {
            "path": [
                "root"
            ],
            "outputs": {},
            "resources": {
                "aws_acm_certificate.farhan": {
                    "type": "aws_acm_certificate",
                    "depends_on": [],
                    "primary": {
                        "id": "arn:aws:acm:us-east-1:213722482034:certificate/bd8c79b0-4c25-4909-b13d-a8607c4d7508",
                        "attributes": {
                            "arn": "arn:aws:acm:us-east-1:213722482034:certificate/bd8c79b0-4c25-4909-b13d-a8607c4d7508",
                            "domain_name": "farhan.specialpotato.net",
                            "domain_validation_options.#": "1",
                            "domain_validation_options.0.domain_name": "farhan.specialpotato.net",
                            "domain_validation_options.0.resource_record_name": "_9343bfe58c6b3082a623df67ff5a668f.farhan.specialpotato.net.",
                            "domain_validation_options.0.resource_record_type": "CNAME",
                            "domain_validation_options.0.resource_record_value": "_5b051f61e520d8a19cfba69d2f694cc7.tljzshvwok.acm-validations.aws.",
                            "id": "arn:aws:acm:us-east-1:213722482034:certificate/bd8c79b0-4c25-4909-b13d-a8607c4d7508",
                            "subject_alternative_names.#": "0",
                            "tags.%": "0",
                            "validation_emails.#": "0",
                            "validation_method": "DNS"
                        },
                        "meta": {},
                        "tainted": false
                    },
                    "deposed": [],
                    "provider": "provider.aws"
                },
                "aws_acm_certificate_validation.farhan": {
                    "type": "aws_acm_certificate_validation",
                    "depends_on": [
                        "aws_acm_certificate.farhan",
                        "aws_route53_record.cert_validation"
                    ],
                    "primary": {
                        "id": "2018-10-26 01:59:58 +0000 UTC",
                        "attributes": {
                            "certificate_arn": "arn:aws:acm:us-east-1:213722482034:certificate/bd8c79b0-4c25-4909-b13d-a8607c4d7508",
                            "id": "2018-10-26 01:59:58 +0000 UTC",
                            "validation_record_fqdns.#": "1",
                            "validation_record_fqdns.2391816225": "_9343bfe58c6b3082a623df67ff5a668f.farhan.specialpotato.net"
                        },
                        "meta": {
                            "e2bfb730-ecaa-11e6-8f88-34363bc7c4c0": {
                                "create": 2700000000000
                            }
                        },
                        "tainted": false
                    },
                    "deposed": [],
                    "provider": "provider.aws"
                },
                "aws_autoscaling_group.webservers": {
                    "type": "aws_autoscaling_group",
                    "depends_on": [
                        "aws_launch_configuration.webserver",
                        "aws_lb_target_group.webserver",
                        "aws_subnet.application-a",
                        "aws_subnet.application-b",
                        "aws_subnet.application-c"
                    ],
                    "primary": {
                        "id": "webservers",
                        "attributes": {
                            "arn": "arn:aws:autoscaling:us-east-1:213722482034:autoScalingGroup:b3701ece-807f-4d03-afe2-d6947e0c2023:autoScalingGroupName/webservers",
                            "availability_zones.#": "3",
                            "availability_zones.1305112097": "us-east-1b",
                            "availability_zones.3569565595": "us-east-1a",
                            "availability_zones.986537655": "us-east-1c",
                            "default_cooldown": "300",
                            "desired_capacity": "3",
                            "enabled_metrics.#": "0",
                            "force_delete": "true",
                            "health_check_grace_period": "300",
                            "health_check_type": "EC2",
                            "id": "webservers",
                            "launch_configuration": "webserver_20181026013032359400000002",
                            "launch_template.#": "0",
                            "load_balancers.#": "0",
                            "max_size": "3",
                            "metrics_granularity": "1Minute",
                            "min_size": "1",
                            "name": "webservers",
                            "placement_group": "",
                            "protect_from_scale_in": "false",
                            "service_linked_role_arn": "arn:aws:iam::213722482034:role/aws-service-role/autoscaling.amazonaws.com/AWSServiceRoleForAutoScaling",
                            "suspended_processes.#": "0",
                            "tag.#": "1",
                            "tag.1895697639.key": "Name",
                            "tag.1895697639.propagate_at_launch": "true",
                            "tag.1895697639.value": "webserver",
                            "target_group_arns.#": "1",
                            "target_group_arns.3227745061": "arn:aws:elasticloadbalancing:us-east-1:213722482034:targetgroup/webserver/82c0c25840931fa4",
                            "termination_policies.#": "0",
                            "vpc_zone_identifier.#": "3",
                            "vpc_zone_identifier.2590457527": "subnet-013a2391f37af3b51",
                            "vpc_zone_identifier.3272228025": "subnet-0bcff47fc4b1ae4bd",
                            "vpc_zone_identifier.4191984325": "subnet-085c0fa44e81df16a",
                            "wait_for_capacity_timeout": "10m"
                        },
                        "meta": {
                            "e2bfb730-ecaa-11e6-8f88-34363bc7c4c0": {
                                "delete": 600000000000
                            }
                        },
                        "tainted": false
                    },
                    "deposed": [],
                    "provider": "provider.aws"
                },
                "aws_db_instance.default": {
                    "type": "aws_db_instance",
                    "depends_on": [
                        "aws_db_subnet_group.default",
                        "aws_security_group.ghost-rds"
                    ],
                    "primary": {
                        "id": "terraform-20181026020525061400000001",
                        "attributes": {
                            "address": "terraform-20181026020525061400000001.chcsnn9jjcec.us-east-1.rds.amazonaws.com",
                            "allocated_storage": "10",
                            "arn": "arn:aws:rds:us-east-1:213722482034:db:terraform-20181026020525061400000001",
                            "auto_minor_version_upgrade": "true",
                            "availability_zone": "us-east-1c",
                            "backup_retention_period": "0",
                            "backup_window": "07:47-08:17",
                            "ca_cert_identifier": "rds-ca-2015",
                            "copy_tags_to_snapshot": "false",
                            "db_subnet_group_name": "ghostdb_subnet_group",
                            "deletion_protection": "false",
                            "domain": "",
                            "domain_iam_role_name": "",
                            "enabled_cloudwatch_logs_exports.#": "0",
                            "endpoint": "terraform-20181026020525061400000001.chcsnn9jjcec.us-east-1.rds.amazonaws.com:3306",
                            "engine": "mysql",
                            "engine_version": "5.7.23",
                            "hosted_zone_id": "Z2R2ITUGPM61AM",
                            "iam_database_authentication_enabled": "false",
                            "id": "terraform-20181026020525061400000001",
                            "identifier": "terraform-20181026020525061400000001",
                            "instance_class": "db.t2.micro",
                            "iops": "0",
                            "kms_key_id": "",
                            "license_model": "general-public-license",
                            "maintenance_window": "fri:07:04-fri:07:34",
                            "monitoring_interval": "0",
                            "multi_az": "false",
                            "name": "db",
                            "option_group_name": "default:mysql-5-7",
                            "parameter_group_name": "default.mysql5.7",
                            "password": "ghostpass",
                            "port": "3306",
                            "publicly_accessible": "false",
                            "replicas.#": "0",
                            "replicate_source_db": "",
                            "resource_id": "db-ZYG4L7TN6Q7AICAI2LBU6EV4CI",
                            "security_group_names.#": "0",
                            "skip_final_snapshot": "false",
                            "status": "available",
                            "storage_encrypted": "false",
                            "storage_type": "gp2",
                            "tags.%": "0",
                            "timezone": "",
                            "username": "ghost",
                            "vpc_security_group_ids.#": "1",
                            "vpc_security_group_ids.1272069863": "sg-0baa94824d7071abf"
                        },
                        "meta": {
                            "e2bfb730-ecaa-11e6-8f88-34363bc7c4c0": {
                                "create": 2400000000000,
                                "delete": 2400000000000,
                                "update": 4800000000000
                            }
                        },
                        "tainted": false
                    },
                    "deposed": [],
                    "provider": "provider.aws"
                },
                "aws_db_subnet_group.default": {
                    "type": "aws_db_subnet_group",
                    "depends_on": [
                        "aws_subnet.database-a",
                        "aws_subnet.database-b",
                        "aws_subnet.database-c"
                    ],
                    "primary": {
                        "id": "ghostdb_subnet_group",
                        "attributes": {
                            "arn": "arn:aws:rds:us-east-1:213722482034:subgrp:ghostdb_subnet_group",
                            "description": "Managed by Terraform",
                            "id": "ghostdb_subnet_group",
                            "name": "ghostdb_subnet_group",
                            "subnet_ids.#": "3",
                            "subnet_ids.323540572": "subnet-0947e70b26e34a88c",
                            "subnet_ids.3604297960": "subnet-002cbef14925d9bf5",
                            "subnet_ids.761444401": "subnet-036e3380ac64429dd",
                            "tags.%": "1",
                            "tags.Name": "ghostdb_subnet_group"
                        },
                        "meta": {},
                        "tainted": false
                    },
                    "deposed": [],
                    "provider": "provider.aws"
                },
                "aws_internet_gateway.gw": {
                    "type": "aws_internet_gateway",
                    "depends_on": [
                        "aws_vpc.main"
                    ],
                    "primary": {
                        "id": "igw-0a4f238532aa30f70",
                        "attributes": {
                            "id": "igw-0a4f238532aa30f70",
                            "tags.%": "1",
                            "tags.Name": "main",
                            "vpc_id": "vpc-02f4b5a66f3556cf6"
                        },
                        "meta": {},
                        "tainted": false
                    },
                    "deposed": [],
                    "provider": "provider.aws"
                },
                "aws_key_pair.farhan": {
                    "type": "aws_key_pair",
                    "depends_on": [],
                    "primary": {
                        "id": "farhan",
                        "attributes": {
                            "fingerprint": "c0:78:ea:73:cf:3c:74:ef:6a:d5:b4:07:5d:ca:56:b7",
                            "id": "farhan",
                            "key_name": "farhan",
                            "public_key": "ssh-rsa AAAAB3NzaC1yc2EAAAADAQABAAACAQDR5OofU6s5jMWkcdUKtti0fw6QaofD4bw0abgAleqZ9XujDwhqM3S6B19QvekNx2OhF7XrCNgYoUYcA2iOFx01NGt5pWTQot4SokTeXgffl+GN3gD8hdsU9ObDlKLzppSCyvLb/somMa3fbJ+jlECduVYEb2uVbhpS0PODjrcoPPKIGnPFEz++/9ZF5/TOM+rB9Y1c8sn0uPSV+zJVQ7pYaP7l5FF3vCGiNpXgwkVE7J20QaWgS44w5RQfxw/f4nGJDpcfIEersweojCP2XOQsxvEghqZql1o051KL22FvBJbad3022dLCAa1Gc329vSU9PHgPseAtLvb+eU2f7fE/Xp1AxBKzsQUBsdbDp/euEGM2OQDCnvcmlE41uGBrkKxsBrjlnTNOku1/jKOWKdnOX9uBxFRlubr3XlXDjNYAqYwUpejmCqfiYOcOdA6udFuTOR0w7t+9vO7kqmwb0hmZr6hMJfNvjPH4ahZq4M5QQMfZJI7n3SHb4YPiTzOrVblZoqXhwyOVMJkcscUoJ+BuUcykl6DsmZYdj+D2bOTlsH0cxsyfY8XJI7jl15I+H6SnJ8cnOjMDqAMjM3rnAsIdo5LuhzqoRmZ+jugDUuaeJIhi07AsCrlZbk5UYYZGoHx/+VAADnqVKoLO96Bpe1t4erzV2fajG8CPpa7bEAVuzw== fkhan@Fkhan"
                        },
                        "meta": {
                            "schema_version": "1"
                        },
                        "tainted": false
                    },
                    "deposed": [],
                    "provider": "provider.aws"
                },
                "aws_launch_configuration.webserver": {
                    "type": "aws_launch_configuration",
                    "depends_on": [
                        "aws_key_pair.farhan",
                        "aws_security_group.ssh",
                        "aws_security_group.webservers",
                        "data.aws_ami.webserver"
                    ],
                    "primary": {
                        "id": "webserver_20181026013032359400000002",
                        "attributes": {
                            "associate_public_ip_address": "false",
                            "ebs_block_device.#": "0",
                            "ebs_optimized": "false",
                            "enable_monitoring": "true",
                            "ephemeral_block_device.#": "0",
                            "iam_instance_profile": "",
                            "id": "webserver_20181026013032359400000002",
                            "image_id": "ami-0d29d91f411ded00a",
                            "instance_type": "t2.micro",
                            "key_name": "farhan",
                            "name": "webserver_20181026013032359400000002",
                            "name_prefix": "webserver_",
                            "root_block_device.#": "0",
                            "security_groups.#": "2",
                            "security_groups.2136905127": "sg-09eba6f8d069ab6cd",
                            "security_groups.472900510": "sg-01bbed037bedd05db",
                            "spot_price": "",
                            "vpc_classic_link_id": "",
                            "vpc_classic_link_security_groups.#": "0"
                        },
                        "meta": {},
                        "tainted": false
                    },
                    "deposed": [],
                    "provider": "provider.aws"
                },
                "aws_lb.webservers": {
                    "type": "aws_lb",
                    "depends_on": [
                        "aws_security_group.elb",
                        "aws_subnet.frontend-a",
                        "aws_subnet.frontend-b",
                        "aws_subnet.frontend-c"
                    ],
                    "primary": {
                        "id": "arn:aws:elasticloadbalancing:us-east-1:213722482034:loadbalancer/app/webserver/ab148ba0b6bc1a49",
                        "attributes": {
                            "access_logs.#": "0",
                            "arn": "arn:aws:elasticloadbalancing:us-east-1:213722482034:loadbalancer/app/webserver/ab148ba0b6bc1a49",
                            "arn_suffix": "app/webserver/ab148ba0b6bc1a49",
                            "dns_name": "webserver-291038867.us-east-1.elb.amazonaws.com",
                            "enable_deletion_protection": "false",
                            "enable_http2": "true",
                            "id": "arn:aws:elasticloadbalancing:us-east-1:213722482034:loadbalancer/app/webserver/ab148ba0b6bc1a49",
                            "idle_timeout": "60",
                            "internal": "false",
                            "ip_address_type": "ipv4",
                            "load_balancer_type": "application",
                            "name": "webserver",
                            "security_groups.#": "1",
                            "security_groups.1442648700": "sg-0033092dc820c9194",
                            "subnet_mapping.#": "0",
                            "subnets.#": "3",
                            "subnets.1165267633": "subnet-04357a854f5492205",
                            "subnets.2293757813": "subnet-0cbccf195cceabc7b",
                            "subnets.314609744": "subnet-0f5a64f9d232cc965",
                            "tags.%": "1",
                            "tags.Name": "webservers",
                            "vpc_id": "vpc-02f4b5a66f3556cf6",
                            "zone_id": "Z35SXDOTRQ7X7K"
                        },
                        "meta": {
                            "e2bfb730-ecaa-11e6-8f88-34363bc7c4c0": {
                                "create": 600000000000,
                                "delete": 600000000000,
                                "update": 600000000000
                            }
                        },
                        "tainted": false
                    },
                    "deposed": [],
                    "provider": "provider.aws"
                },
                "aws_lb_listener.http": {
                    "type": "aws_lb_listener",
                    "depends_on": [
                        "aws_lb.webservers",
                        "aws_lb_target_group.webserver"
                    ],
                    "primary": {
                        "id": "arn:aws:elasticloadbalancing:us-east-1:213722482034:listener/app/webserver/ab148ba0b6bc1a49/b6c8d02f04eff07b",
                        "attributes": {
                            "arn": "arn:aws:elasticloadbalancing:us-east-1:213722482034:listener/app/webserver/ab148ba0b6bc1a49/b6c8d02f04eff07b",
                            "default_action.#": "1",
                            "default_action.0.authenticate_cognito.#": "0",
                            "default_action.0.authenticate_oidc.#": "0",
                            "default_action.0.fixed_response.#": "0",
                            "default_action.0.order": "1",
                            "default_action.0.redirect.#": "0",
                            "default_action.0.target_group_arn": "arn:aws:elasticloadbalancing:us-east-1:213722482034:targetgroup/webserver/82c0c25840931fa4",
                            "default_action.0.type": "forward",
                            "id": "arn:aws:elasticloadbalancing:us-east-1:213722482034:listener/app/webserver/ab148ba0b6bc1a49/b6c8d02f04eff07b",
                            "load_balancer_arn": "arn:aws:elasticloadbalancing:us-east-1:213722482034:loadbalancer/app/webserver/ab148ba0b6bc1a49",
                            "port": "80",
                            "protocol": "HTTP",
                            "ssl_policy": ""
                        },
                        "meta": {
                            "e2bfb730-ecaa-11e6-8f88-34363bc7c4c0": {
                                "read": 600000000000
                            }
                        },
                        "tainted": false
                    },
                    "deposed": [],
                    "provider": "provider.aws"
                },
                "aws_lb_listener.https": {
                    "type": "aws_lb_listener",
                    "depends_on": [
                        "aws_acm_certificate.farhan",
                        "aws_lb.webservers",
                        "aws_lb_target_group.webserver"
                    ],
                    "primary": {
                        "id": "arn:aws:elasticloadbalancing:us-east-1:213722482034:listener/app/webserver/ab148ba0b6bc1a49/1a2f081ae1c56f1e",
                        "attributes": {
                            "arn": "arn:aws:elasticloadbalancing:us-east-1:213722482034:listener/app/webserver/ab148ba0b6bc1a49/1a2f081ae1c56f1e",
                            "certificate_arn": "arn:aws:acm:us-east-1:213722482034:certificate/bd8c79b0-4c25-4909-b13d-a8607c4d7508",
                            "default_action.#": "1",
                            "default_action.0.authenticate_cognito.#": "0",
                            "default_action.0.authenticate_oidc.#": "0",
                            "default_action.0.fixed_response.#": "0",
                            "default_action.0.order": "1",
                            "default_action.0.redirect.#": "0",
                            "default_action.0.target_group_arn": "arn:aws:elasticloadbalancing:us-east-1:213722482034:targetgroup/webserver/82c0c25840931fa4",
                            "default_action.0.type": "forward",
                            "id": "arn:aws:elasticloadbalancing:us-east-1:213722482034:listener/app/webserver/ab148ba0b6bc1a49/1a2f081ae1c56f1e",
                            "load_balancer_arn": "arn:aws:elasticloadbalancing:us-east-1:213722482034:loadbalancer/app/webserver/ab148ba0b6bc1a49",
                            "port": "443",
                            "protocol": "HTTPS",
                            "ssl_policy": "ELBSecurityPolicy-2015-05"
                        },
                        "meta": {
                            "e2bfb730-ecaa-11e6-8f88-34363bc7c4c0": {
                                "read": 600000000000
                            }
                        },
                        "tainted": false
                    },
                    "deposed": [],
                    "provider": "provider.aws"
                },
                "aws_lb_listener_rule.redirect_http_to_https": {
                    "type": "aws_lb_listener_rule",
                    "depends_on": [
                        "aws_lb_listener.http"
                    ],
                    "primary": {
                        "id": "arn:aws:elasticloadbalancing:us-east-1:213722482034:listener-rule/app/webserver/ab148ba0b6bc1a49/b6c8d02f04eff07b/9619014983e024b9",
                        "attributes": {
                            "action.#": "1",
                            "action.0.authenticate_cognito.#": "0",
                            "action.0.authenticate_oidc.#": "0",
                            "action.0.fixed_response.#": "0",
                            "action.0.order": "1",
                            "action.0.redirect.#": "1",
                            "action.0.redirect.0.host": "#{host}",
                            "action.0.redirect.0.path": "/#{path}",
                            "action.0.redirect.0.port": "443",
                            "action.0.redirect.0.protocol": "HTTPS",
                            "action.0.redirect.0.query": "#{query}",
                            "action.0.redirect.0.status_code": "HTTP_301",
                            "action.0.target_group_arn": "",
                            "action.0.type": "redirect",
                            "arn": "arn:aws:elasticloadbalancing:us-east-1:213722482034:listener-rule/app/webserver/ab148ba0b6bc1a49/b6c8d02f04eff07b/9619014983e024b9",
                            "condition.#": "1",
                            "condition.1330270013.field": "host-header",
                            "condition.1330270013.values.#": "1",
                            "condition.1330270013.values.0": "*.farhan.specialpotato.net",
                            "id": "arn:aws:elasticloadbalancing:us-east-1:213722482034:listener-rule/app/webserver/ab148ba0b6bc1a49/b6c8d02f04eff07b/9619014983e024b9",
                            "listener_arn": "arn:aws:elasticloadbalancing:us-east-1:213722482034:listener/app/webserver/ab148ba0b6bc1a49/b6c8d02f04eff07b",
                            "priority": "1"
                        },
                        "meta": {},
                        "tainted": false
                    },
                    "deposed": [],
                    "provider": "provider.aws"
                },
                "aws_lb_target_group.webserver": {
                    "type": "aws_lb_target_group",
                    "depends_on": [
                        "aws_vpc.main"
                    ],
                    "primary": {
                        "id": "arn:aws:elasticloadbalancing:us-east-1:213722482034:targetgroup/webserver/82c0c25840931fa4",
                        "attributes": {
                            "arn": "arn:aws:elasticloadbalancing:us-east-1:213722482034:targetgroup/webserver/82c0c25840931fa4",
                            "arn_suffix": "targetgroup/webserver/82c0c25840931fa4",
                            "deregistration_delay": "300",
                            "health_check.#": "1",
                            "health_check.0.healthy_threshold": "2",
                            "health_check.0.interval": "15",
                            "health_check.0.matcher": "200-299",
                            "health_check.0.path": "/",
                            "health_check.0.port": "traffic-port",
                            "health_check.0.protocol": "HTTP",
                            "health_check.0.timeout": "10",
                            "health_check.0.unhealthy_threshold": "2",
                            "id": "arn:aws:elasticloadbalancing:us-east-1:213722482034:targetgroup/webserver/82c0c25840931fa4",
                            "name": "webserver",
                            "port": "80",
                            "protocol": "HTTP",
                            "proxy_protocol_v2": "false",
                            "slow_start": "0",
                            "stickiness.#": "1",
                            "stickiness.0.cookie_duration": "86400",
                            "stickiness.0.enabled": "false",
                            "stickiness.0.type": "lb_cookie",
                            "tags.%": "0",
                            "target_type": "instance",
                            "vpc_id": "vpc-02f4b5a66f3556cf6"
                        },
                        "meta": {},
                        "tainted": false
                    },
                    "deposed": [],
                    "provider": "provider.aws"
                },
                "aws_route53_record.SPNS": {
                    "type": "aws_route53_record",
                    "depends_on": [
                        "aws_route53_zone.farhan"
                    ],
                    "primary": {
                        "id": "Z2YCIU8L9RIBGT_farhan.specialpotato.net_NS",
                        "attributes": {
                            "allow_overwrite": "true",
                            "fqdn": "farhan.specialpotato.net",
                            "health_check_id": "",
                            "id": "Z2YCIU8L9RIBGT_farhan.specialpotato.net_NS",
                            "name": "farhan.specialpotato.net",
                            "records.#": "4",
                            "records.187024053": "ns-772.awsdns-32.net",
                            "records.3625493288": "ns-1100.awsdns-09.org",
                            "records.897606602": "ns-126.awsdns-15.com",
                            "records.933038600": "ns-1953.awsdns-52.co.uk",
                            "set_identifier": "",
                            "ttl": "60",
                            "type": "NS",
                            "zone_id": "Z2YCIU8L9RIBGT"
                        },
                        "meta": {
                            "schema_version": "2"
                        },
                        "tainted": false
                    },
                    "deposed": [],
                    "provider": "provider.aws.SP"
                },
                "aws_route53_record.apex": {
                    "type": "aws_route53_record",
                    "depends_on": [
                        "aws_lb.webservers",
                        "aws_route53_zone.farhan"
                    ],
                    "primary": {
                        "id": "Z3OS55IE6F9M4E_farhan.specialpotato.net_A",
                        "attributes": {
                            "alias.#": "1",
                            "alias.2747849251.evaluate_target_health": "true",
                            "alias.2747849251.name": "webserver-291038867.us-east-1.elb.amazonaws.com",
                            "alias.2747849251.zone_id": "Z35SXDOTRQ7X7K",
                            "allow_overwrite": "true",
                            "fqdn": "farhan.specialpotato.net",
                            "health_check_id": "",
                            "id": "Z3OS55IE6F9M4E_farhan.specialpotato.net_A",
                            "name": "farhan.specialpotato.net",
                            "records.#": "0",
                            "set_identifier": "",
                            "ttl": "0",
                            "type": "A",
                            "zone_id": "Z3OS55IE6F9M4E"
                        },
                        "meta": {
                            "schema_version": "2"
                        },
                        "tainted": false
                    },
                    "deposed": [],
                    "provider": "provider.aws"
                },
                "aws_route53_record.cert_validation": {
                    "type": "aws_route53_record",
                    "depends_on": [
                        "aws_acm_certificate.farhan",
                        "aws_route53_zone.farhan"
                    ],
                    "primary": {
                        "id": "Z3OS55IE6F9M4E__9343bfe58c6b3082a623df67ff5a668f.farhan.specialpotato.net._CNAME",
                        "attributes": {
                            "allow_overwrite": "true",
                            "fqdn": "_9343bfe58c6b3082a623df67ff5a668f.farhan.specialpotato.net",
                            "health_check_id": "",
                            "id": "Z3OS55IE6F9M4E__9343bfe58c6b3082a623df67ff5a668f.farhan.specialpotato.net._CNAME",
                            "name": "_9343bfe58c6b3082a623df67ff5a668f.farhan.specialpotato.net",
                            "records.#": "1",
                            "records.801860513": "_5b051f61e520d8a19cfba69d2f694cc7.tljzshvwok.acm-validations.aws.",
                            "set_identifier": "",
                            "ttl": "60",
                            "type": "CNAME",
                            "zone_id": "Z3OS55IE6F9M4E"
                        },
                        "meta": {
                            "schema_version": "2"
                        },
                        "tainted": false
                    },
                    "deposed": [],
                    "provider": "provider.aws"
                },
                "aws_route53_record.www": {
                    "type": "aws_route53_record",
                    "depends_on": [
                        "aws_lb.webservers",
                        "aws_route53_zone.farhan"
                    ],
                    "primary": {
                        "id": "Z3OS55IE6F9M4E_www.farhan.specialpotato.net_CNAME",
                        "attributes": {
                            "allow_overwrite": "true",
                            "fqdn": "www.farhan.specialpotato.net",
                            "health_check_id": "",
                            "id": "Z3OS55IE6F9M4E_www.farhan.specialpotato.net_CNAME",
                            "name": "www.farhan.specialpotato.net",
                            "records.#": "1",
                            "records.2707668746": "webserver-291038867.us-east-1.elb.amazonaws.com",
                            "set_identifier": "",
                            "ttl": "300",
                            "type": "CNAME",
                            "zone_id": "Z3OS55IE6F9M4E"
                        },
                        "meta": {
                            "schema_version": "2"
                        },
                        "tainted": false
                    },
                    "deposed": [],
                    "provider": "provider.aws"
                },
                "aws_route53_zone.farhan": {
                    "type": "aws_route53_zone",
                    "depends_on": [],
                    "primary": {
                        "id": "Z3OS55IE6F9M4E",
                        "attributes": {
                            "comment": "farhan.specialpotato.net Route53 Zone",
                            "force_destroy": "false",
                            "id": "Z3OS55IE6F9M4E",
                            "name": "farhan.specialpotato.net.",
                            "name_servers.#": "4",
                            "name_servers.0": "ns-1100.awsdns-09.org",
                            "name_servers.1": "ns-126.awsdns-15.com",
                            "name_servers.2": "ns-1953.awsdns-52.co.uk",
                            "name_servers.3": "ns-772.awsdns-32.net",
                            "tags.%": "2",
                            "tags.Name": "farhan.specialpotato.net",
                            "tags.Terraform": "True",
                            "zone_id": "Z3OS55IE6F9M4E"
                        },
                        "meta": {},
                        "tainted": false
                    },
                    "deposed": [],
                    "provider": "provider.aws"
                },
                "aws_route_table.r": {
                    "type": "aws_route_table",
                    "depends_on": [
                        "aws_internet_gateway.gw",
                        "aws_vpc.main"
                    ],
                    "primary": {
                        "id": "rtb-056344719523a4327",
                        "attributes": {
                            "id": "rtb-056344719523a4327",
                            "propagating_vgws.#": "0",
                            "route.#": "1",
                            "route.1549154830.cidr_block": "0.0.0.0/0",
                            "route.1549154830.egress_only_gateway_id": "",
                            "route.1549154830.gateway_id": "igw-0a4f238532aa30f70",
                            "route.1549154830.instance_id": "",
                            "route.1549154830.ipv6_cidr_block": "",
                            "route.1549154830.nat_gateway_id": "",
                            "route.1549154830.network_interface_id": "",
                            "route.1549154830.vpc_peering_connection_id": "",
                            "tags.%": "1",
                            "tags.Name": "main",
                            "vpc_id": "vpc-02f4b5a66f3556cf6"
                        },
                        "meta": {},
                        "tainted": false
                    },
                    "deposed": [],
                    "provider": "provider.aws"
                },
                "aws_route_table_association.application-a": {
                    "type": "aws_route_table_association",
                    "depends_on": [
                        "aws_route_table.r",
                        "aws_subnet.application-a"
                    ],
                    "primary": {
                        "id": "rtbassoc-0935a9c1e045d4ae4",
                        "attributes": {
                            "id": "rtbassoc-0935a9c1e045d4ae4",
                            "route_table_id": "rtb-056344719523a4327",
                            "subnet_id": "subnet-013a2391f37af3b51"
                        },
                        "meta": {},
                        "tainted": false
                    },
                    "deposed": [],
                    "provider": "provider.aws"
                },
                "aws_route_table_association.application-b": {
                    "type": "aws_route_table_association",
                    "depends_on": [
                        "aws_route_table.r",
                        "aws_subnet.application-b"
                    ],
                    "primary": {
                        "id": "rtbassoc-0cb295a67ed19ae27",
                        "attributes": {
                            "id": "rtbassoc-0cb295a67ed19ae27",
                            "route_table_id": "rtb-056344719523a4327",
                            "subnet_id": "subnet-0bcff47fc4b1ae4bd"
                        },
                        "meta": {},
                        "tainted": false
                    },
                    "deposed": [],
                    "provider": "provider.aws"
                },
                "aws_route_table_association.application-c": {
                    "type": "aws_route_table_association",
                    "depends_on": [
                        "aws_route_table.r",
                        "aws_subnet.application-c"
                    ],
                    "primary": {
                        "id": "rtbassoc-06231975f710a1eea",
                        "attributes": {
                            "id": "rtbassoc-06231975f710a1eea",
                            "route_table_id": "rtb-056344719523a4327",
                            "subnet_id": "subnet-085c0fa44e81df16a"
                        },
                        "meta": {},
                        "tainted": false
                    },
                    "deposed": [],
                    "provider": "provider.aws"
                },
                "aws_route_table_association.database-a": {
                    "type": "aws_route_table_association",
                    "depends_on": [
                        "aws_route_table.r",
                        "aws_subnet.database-a"
                    ],
                    "primary": {
                        "id": "rtbassoc-01096a52d5f759c54",
                        "attributes": {
                            "id": "rtbassoc-01096a52d5f759c54",
                            "route_table_id": "rtb-056344719523a4327",
                            "subnet_id": "subnet-002cbef14925d9bf5"
                        },
                        "meta": {},
                        "tainted": false
                    },
                    "deposed": [],
                    "provider": "provider.aws"
                },
                "aws_route_table_association.database-b": {
                    "type": "aws_route_table_association",
                    "depends_on": [
                        "aws_route_table.r",
                        "aws_subnet.database-b"
                    ],
                    "primary": {
                        "id": "rtbassoc-0b95f07b2ea87a4c0",
                        "attributes": {
                            "id": "rtbassoc-0b95f07b2ea87a4c0",
                            "route_table_id": "rtb-056344719523a4327",
                            "subnet_id": "subnet-036e3380ac64429dd"
                        },
                        "meta": {},
                        "tainted": false
                    },
                    "deposed": [],
                    "provider": "provider.aws"
                },
                "aws_route_table_association.database-c": {
                    "type": "aws_route_table_association",
                    "depends_on": [
                        "aws_route_table.r",
                        "aws_subnet.database-c"
                    ],
                    "primary": {
                        "id": "rtbassoc-077756fabef0a876a",
                        "attributes": {
                            "id": "rtbassoc-077756fabef0a876a",
                            "route_table_id": "rtb-056344719523a4327",
                            "subnet_id": "subnet-0947e70b26e34a88c"
                        },
                        "meta": {},
                        "tainted": false
                    },
                    "deposed": [],
                    "provider": "provider.aws"
                },
                "aws_route_table_association.frontend-a": {
                    "type": "aws_route_table_association",
                    "depends_on": [
                        "aws_route_table.r",
                        "aws_subnet.frontend-a"
                    ],
                    "primary": {
                        "id": "rtbassoc-02e6df5f6cbe1445f",
                        "attributes": {
                            "id": "rtbassoc-02e6df5f6cbe1445f",
                            "route_table_id": "rtb-056344719523a4327",
                            "subnet_id": "subnet-04357a854f5492205"
                        },
                        "meta": {},
                        "tainted": false
                    },
                    "deposed": [],
                    "provider": "provider.aws"
                },
                "aws_route_table_association.frontend-b": {
                    "type": "aws_route_table_association",
                    "depends_on": [
                        "aws_route_table.r",
                        "aws_subnet.frontend-b"
                    ],
                    "primary": {
                        "id": "rtbassoc-0d7662fcedf58af64",
                        "attributes": {
                            "id": "rtbassoc-0d7662fcedf58af64",
                            "route_table_id": "rtb-056344719523a4327",
                            "subnet_id": "subnet-0cbccf195cceabc7b"
                        },
                        "meta": {},
                        "tainted": false
                    },
                    "deposed": [],
                    "provider": "provider.aws"
                },
                "aws_route_table_association.frontend-c": {
                    "type": "aws_route_table_association",
                    "depends_on": [
                        "aws_route_table.r",
                        "aws_subnet.frontend-c"
                    ],
                    "primary": {
                        "id": "rtbassoc-00e301efb3bb8ed03",
                        "attributes": {
                            "id": "rtbassoc-00e301efb3bb8ed03",
                            "route_table_id": "rtb-056344719523a4327",
                            "subnet_id": "subnet-0f5a64f9d232cc965"
                        },
                        "meta": {},
                        "tainted": false
                    },
                    "deposed": [],
                    "provider": "provider.aws"
                },
                "aws_security_group.elb": {
                    "type": "aws_security_group",
                    "depends_on": [
                        "aws_vpc.main"
                    ],
                    "primary": {
                        "id": "sg-0033092dc820c9194",
                        "attributes": {
                            "arn": "arn:aws:ec2:us-east-1:213722482034:security-group/sg-0033092dc820c9194",
                            "description": "security group for application elb",
                            "egress.#": "1",
                            "egress.482069346.cidr_blocks.#": "1",
                            "egress.482069346.cidr_blocks.0": "0.0.0.0/0",
                            "egress.482069346.description": "",
                            "egress.482069346.from_port": "0",
                            "egress.482069346.ipv6_cidr_blocks.#": "0",
                            "egress.482069346.prefix_list_ids.#": "0",
                            "egress.482069346.protocol": "-1",
                            "egress.482069346.security_groups.#": "0",
                            "egress.482069346.self": "false",
                            "egress.482069346.to_port": "0",
                            "id": "sg-0033092dc820c9194",
                            "ingress.#": "2",
                            "ingress.2214680975.cidr_blocks.#": "1",
                            "ingress.2214680975.cidr_blocks.0": "0.0.0.0/0",
                            "ingress.2214680975.description": "",
                            "ingress.2214680975.from_port": "80",
                            "ingress.2214680975.ipv6_cidr_blocks.#": "0",
                            "ingress.2214680975.prefix_list_ids.#": "0",
                            "ingress.2214680975.protocol": "tcp",
                            "ingress.2214680975.security_groups.#": "0",
                            "ingress.2214680975.self": "false",
                            "ingress.2214680975.to_port": "80",
                            "ingress.2617001939.cidr_blocks.#": "1",
                            "ingress.2617001939.cidr_blocks.0": "0.0.0.0/0",
                            "ingress.2617001939.description": "",
                            "ingress.2617001939.from_port": "443",
                            "ingress.2617001939.ipv6_cidr_blocks.#": "0",
                            "ingress.2617001939.prefix_list_ids.#": "0",
                            "ingress.2617001939.protocol": "tcp",
                            "ingress.2617001939.security_groups.#": "0",
                            "ingress.2617001939.self": "false",
                            "ingress.2617001939.to_port": "443",
                            "name": "elb",
                            "owner_id": "213722482034",
                            "revoke_rules_on_delete": "false",
                            "tags.%": "1",
                            "tags.Name": "webservers",
                            "vpc_id": "vpc-02f4b5a66f3556cf6"
                        },
                        "meta": {
                            "e2bfb730-ecaa-11e6-8f88-34363bc7c4c0": {
                                "create": 600000000000,
                                "delete": 600000000000
                            },
                            "schema_version": "1"
                        },
                        "tainted": false
                    },
                    "deposed": [],
                    "provider": "provider.aws"
                },
                "aws_security_group.ghost-rds": {
                    "type": "aws_security_group",
                    "depends_on": [
                        "aws_security_group.webservers",
                        "aws_vpc.main"
                    ],
                    "primary": {
                        "id": "sg-0baa94824d7071abf",
                        "attributes": {
                            "arn": "arn:aws:ec2:us-east-1:213722482034:security-group/sg-0baa94824d7071abf",
                            "description": "Managed by Terraform",
                            "egress.#": "1",
                            "egress.482069346.cidr_blocks.#": "1",
                            "egress.482069346.cidr_blocks.0": "0.0.0.0/0",
                            "egress.482069346.description": "",
                            "egress.482069346.from_port": "0",
                            "egress.482069346.ipv6_cidr_blocks.#": "0",
                            "egress.482069346.prefix_list_ids.#": "0",
                            "egress.482069346.protocol": "-1",
                            "egress.482069346.security_groups.#": "0",
                            "egress.482069346.self": "false",
                            "egress.482069346.to_port": "0",
                            "id": "sg-0baa94824d7071abf",
                            "ingress.#": "1",
                            "ingress.1794092825.cidr_blocks.#": "0",
                            "ingress.1794092825.description": "",
                            "ingress.1794092825.from_port": "3306",
                            "ingress.1794092825.ipv6_cidr_blocks.#": "0",
                            "ingress.1794092825.prefix_list_ids.#": "0",
                            "ingress.1794092825.protocol": "tcp",
                            "ingress.1794092825.security_groups.#": "1",
                            "ingress.1794092825.security_groups.2136905127": "sg-09eba6f8d069ab6cd",
                            "ingress.1794092825.self": "false",
                            "ingress.1794092825.to_port": "3306",
                            "name": "ghost-rds",
                            "owner_id": "213722482034",
                            "revoke_rules_on_delete": "false",
                            "tags.%": "1",
                            "tags.Name": "ghost-rds",
                            "vpc_id": "vpc-02f4b5a66f3556cf6"
                        },
                        "meta": {
                            "e2bfb730-ecaa-11e6-8f88-34363bc7c4c0": {
                                "create": 600000000000,
                                "delete": 600000000000
                            },
                            "schema_version": "1"
                        },
                        "tainted": false
                    },
                    "deposed": [],
                    "provider": "provider.aws"
                },
                "aws_security_group.ssh": {
                    "type": "aws_security_group",
                    "depends_on": [
                        "aws_vpc.main"
                    ],
                    "primary": {
                        "id": "sg-01bbed037bedd05db",
                        "attributes": {
                            "arn": "arn:aws:ec2:us-east-1:213722482034:security-group/sg-01bbed037bedd05db",
                            "description": "Allow all ssh traffic",
                            "egress.#": "1",
                            "egress.482069346.cidr_blocks.#": "1",
                            "egress.482069346.cidr_blocks.0": "0.0.0.0/0",
                            "egress.482069346.description": "",
                            "egress.482069346.from_port": "0",
                            "egress.482069346.ipv6_cidr_blocks.#": "0",
                            "egress.482069346.prefix_list_ids.#": "0",
                            "egress.482069346.protocol": "-1",
                            "egress.482069346.security_groups.#": "0",
                            "egress.482069346.self": "false",
                            "egress.482069346.to_port": "0",
                            "id": "sg-01bbed037bedd05db",
                            "ingress.#": "1",
                            "ingress.555246442.cidr_blocks.#": "1",
                            "ingress.555246442.cidr_blocks.0": "104.158.158.24/32",
                            "ingress.555246442.description": "",
                            "ingress.555246442.from_port": "22",
                            "ingress.555246442.ipv6_cidr_blocks.#": "0",
                            "ingress.555246442.prefix_list_ids.#": "0",
                            "ingress.555246442.protocol": "tcp",
                            "ingress.555246442.security_groups.#": "0",
                            "ingress.555246442.self": "false",
                            "ingress.555246442.to_port": "22",
                            "name": "ssh",
                            "owner_id": "213722482034",
                            "revoke_rules_on_delete": "false",
                            "tags.%": "1",
                            "tags.Name": "webservers",
                            "vpc_id": "vpc-02f4b5a66f3556cf6"
                        },
                        "meta": {
                            "e2bfb730-ecaa-11e6-8f88-34363bc7c4c0": {
                                "create": 600000000000,
                                "delete": 600000000000
                            },
                            "schema_version": "1"
                        },
                        "tainted": false
                    },
                    "deposed": [],
                    "provider": "provider.aws"
                },
                "aws_security_group.webservers": {
                    "type": "aws_security_group",
                    "depends_on": [
                        "aws_security_group.elb",
                        "aws_vpc.main"
                    ],
                    "primary": {
                        "id": "sg-09eba6f8d069ab6cd",
                        "attributes": {
                            "arn": "arn:aws:ec2:us-east-1:213722482034:security-group/sg-09eba6f8d069ab6cd",
                            "description": "Allow all inbound traffic",
                            "egress.#": "1",
                            "egress.482069346.cidr_blocks.#": "1",
                            "egress.482069346.cidr_blocks.0": "0.0.0.0/0",
                            "egress.482069346.description": "",
                            "egress.482069346.from_port": "0",
                            "egress.482069346.ipv6_cidr_blocks.#": "0",
                            "egress.482069346.prefix_list_ids.#": "0",
                            "egress.482069346.protocol": "-1",
                            "egress.482069346.security_groups.#": "0",
                            "egress.482069346.self": "false",
                            "egress.482069346.to_port": "0",
                            "id": "sg-09eba6f8d069ab6cd",
                            "ingress.#": "1",
                            "ingress.4090512202.cidr_blocks.#": "0",
                            "ingress.4090512202.description": "",
                            "ingress.4090512202.from_port": "80",
                            "ingress.4090512202.ipv6_cidr_blocks.#": "0",
                            "ingress.4090512202.prefix_list_ids.#": "0",
                            "ingress.4090512202.protocol": "tcp",
                            "ingress.4090512202.security_groups.#": "1",
                            "ingress.4090512202.security_groups.1442648700": "sg-0033092dc820c9194",
                            "ingress.4090512202.self": "false",
                            "ingress.4090512202.to_port": "80",
                            "name": "webservers",
                            "owner_id": "213722482034",
                            "revoke_rules_on_delete": "false",
                            "tags.%": "1",
                            "tags.Name": "webservers",
                            "vpc_id": "vpc-02f4b5a66f3556cf6"
                        },
                        "meta": {
                            "e2bfb730-ecaa-11e6-8f88-34363bc7c4c0": {
                                "create": 600000000000,
                                "delete": 600000000000
                            },
                            "schema_version": "1"
                        },
                        "tainted": false
                    },
                    "deposed": [],
                    "provider": "provider.aws"
                },
                "aws_subnet.application-a": {
                    "type": "aws_subnet",
                    "depends_on": [
                        "aws_vpc.main",
                        "data.aws_availability_zones.available"
                    ],
                    "primary": {
                        "id": "subnet-013a2391f37af3b51",
                        "attributes": {
                            "arn": "arn:aws:ec2:us-east-1:213722482034:subnet/subnet-013a2391f37af3b51",
                            "assign_ipv6_address_on_creation": "false",
                            "availability_zone": "us-east-1a",
                            "cidr_block": "172.16.3.0/24",
                            "id": "subnet-013a2391f37af3b51",
                            "map_public_ip_on_launch": "false",
                            "tags.%": "1",
                            "tags.Name": "application-a",
                            "vpc_id": "vpc-02f4b5a66f3556cf6"
                        },
                        "meta": {
                            "e2bfb730-ecaa-11e6-8f88-34363bc7c4c0": {
                                "create": 600000000000,
                                "delete": 600000000000
                            },
                            "schema_version": "1"
                        },
                        "tainted": false
                    },
                    "deposed": [],
                    "provider": "provider.aws"
                },
                "aws_subnet.application-b": {
                    "type": "aws_subnet",
                    "depends_on": [
                        "aws_vpc.main",
                        "data.aws_availability_zones.available"
                    ],
                    "primary": {
                        "id": "subnet-0bcff47fc4b1ae4bd",
                        "attributes": {
                            "arn": "arn:aws:ec2:us-east-1:213722482034:subnet/subnet-0bcff47fc4b1ae4bd",
                            "assign_ipv6_address_on_creation": "false",
                            "availability_zone": "us-east-1b",
                            "cidr_block": "172.16.4.0/24",
                            "id": "subnet-0bcff47fc4b1ae4bd",
                            "map_public_ip_on_launch": "false",
                            "tags.%": "1",
                            "tags.Name": "application-b",
                            "vpc_id": "vpc-02f4b5a66f3556cf6"
                        },
                        "meta": {
                            "e2bfb730-ecaa-11e6-8f88-34363bc7c4c0": {
                                "create": 600000000000,
                                "delete": 600000000000
                            },
                            "schema_version": "1"
                        },
                        "tainted": false
                    },
                    "deposed": [],
                    "provider": "provider.aws"
                },
                "aws_subnet.application-c": {
                    "type": "aws_subnet",
                    "depends_on": [
                        "aws_vpc.main",
                        "data.aws_availability_zones.available"
                    ],
                    "primary": {
                        "id": "subnet-085c0fa44e81df16a",
                        "attributes": {
                            "arn": "arn:aws:ec2:us-east-1:213722482034:subnet/subnet-085c0fa44e81df16a",
                            "assign_ipv6_address_on_creation": "false",
                            "availability_zone": "us-east-1c",
                            "cidr_block": "172.16.5.0/24",
                            "id": "subnet-085c0fa44e81df16a",
                            "map_public_ip_on_launch": "false",
                            "tags.%": "1",
                            "tags.Name": "application-c",
                            "vpc_id": "vpc-02f4b5a66f3556cf6"
                        },
                        "meta": {
                            "e2bfb730-ecaa-11e6-8f88-34363bc7c4c0": {
                                "create": 600000000000,
                                "delete": 600000000000
                            },
                            "schema_version": "1"
                        },
                        "tainted": false
                    },
                    "deposed": [],
                    "provider": "provider.aws"
                },
                "aws_subnet.database-a": {
                    "type": "aws_subnet",
                    "depends_on": [
                        "aws_vpc.main",
                        "data.aws_availability_zones.available"
                    ],
                    "primary": {
                        "id": "subnet-002cbef14925d9bf5",
                        "attributes": {
                            "arn": "arn:aws:ec2:us-east-1:213722482034:subnet/subnet-002cbef14925d9bf5",
                            "assign_ipv6_address_on_creation": "false",
                            "availability_zone": "us-east-1a",
                            "cidr_block": "172.16.6.0/24",
                            "id": "subnet-002cbef14925d9bf5",
                            "map_public_ip_on_launch": "false",
                            "tags.%": "1",
                            "tags.Name": "database-a",
                            "vpc_id": "vpc-02f4b5a66f3556cf6"
                        },
                        "meta": {
                            "e2bfb730-ecaa-11e6-8f88-34363bc7c4c0": {
                                "create": 600000000000,
                                "delete": 600000000000
                            },
                            "schema_version": "1"
                        },
                        "tainted": false
                    },
                    "deposed": [],
                    "provider": "provider.aws"
                },
                "aws_subnet.database-b": {
                    "type": "aws_subnet",
                    "depends_on": [
                        "aws_vpc.main",
                        "data.aws_availability_zones.available"
                    ],
                    "primary": {
                        "id": "subnet-036e3380ac64429dd",
                        "attributes": {
                            "arn": "arn:aws:ec2:us-east-1:213722482034:subnet/subnet-036e3380ac64429dd",
                            "assign_ipv6_address_on_creation": "false",
                            "availability_zone": "us-east-1b",
                            "cidr_block": "172.16.7.0/24",
                            "id": "subnet-036e3380ac64429dd",
                            "map_public_ip_on_launch": "false",
                            "tags.%": "1",
                            "tags.Name": "database-b",
                            "vpc_id": "vpc-02f4b5a66f3556cf6"
                        },
                        "meta": {
                            "e2bfb730-ecaa-11e6-8f88-34363bc7c4c0": {
                                "create": 600000000000,
                                "delete": 600000000000
                            },
                            "schema_version": "1"
                        },
                        "tainted": false
                    },
                    "deposed": [],
                    "provider": "provider.aws"
                },
                "aws_subnet.database-c": {
                    "type": "aws_subnet",
                    "depends_on": [
                        "aws_vpc.main",
                        "data.aws_availability_zones.available"
                    ],
                    "primary": {
                        "id": "subnet-0947e70b26e34a88c",
                        "attributes": {
                            "arn": "arn:aws:ec2:us-east-1:213722482034:subnet/subnet-0947e70b26e34a88c",
                            "assign_ipv6_address_on_creation": "false",
                            "availability_zone": "us-east-1c",
                            "cidr_block": "172.16.8.0/24",
                            "id": "subnet-0947e70b26e34a88c",
                            "map_public_ip_on_launch": "false",
                            "tags.%": "1",
                            "tags.Name": "database-c",
                            "vpc_id": "vpc-02f4b5a66f3556cf6"
                        },
                        "meta": {
                            "e2bfb730-ecaa-11e6-8f88-34363bc7c4c0": {
                                "create": 600000000000,
                                "delete": 600000000000
                            },
                            "schema_version": "1"
                        },
                        "tainted": false
                    },
                    "deposed": [],
                    "provider": "provider.aws"
                },
                "aws_subnet.frontend-a": {
                    "type": "aws_subnet",
                    "depends_on": [
                        "aws_vpc.main",
                        "data.aws_availability_zones.available"
                    ],
                    "primary": {
                        "id": "subnet-04357a854f5492205",
                        "attributes": {
                            "arn": "arn:aws:ec2:us-east-1:213722482034:subnet/subnet-04357a854f5492205",
                            "assign_ipv6_address_on_creation": "false",
                            "availability_zone": "us-east-1a",
                            "cidr_block": "172.16.0.0/24",
                            "id": "subnet-04357a854f5492205",
                            "map_public_ip_on_launch": "false",
                            "tags.%": "1",
                            "tags.Name": "frontend-a",
                            "vpc_id": "vpc-02f4b5a66f3556cf6"
                        },
                        "meta": {
                            "e2bfb730-ecaa-11e6-8f88-34363bc7c4c0": {
                                "create": 600000000000,
                                "delete": 600000000000
                            },
                            "schema_version": "1"
                        },
                        "tainted": false
                    },
                    "deposed": [],
                    "provider": "provider.aws"
                },
                "aws_subnet.frontend-b": {
                    "type": "aws_subnet",
                    "depends_on": [
                        "aws_vpc.main",
                        "data.aws_availability_zones.available"
                    ],
                    "primary": {
                        "id": "subnet-0cbccf195cceabc7b",
                        "attributes": {
                            "arn": "arn:aws:ec2:us-east-1:213722482034:subnet/subnet-0cbccf195cceabc7b",
                            "assign_ipv6_address_on_creation": "false",
                            "availability_zone": "us-east-1b",
                            "cidr_block": "172.16.1.0/24",
                            "id": "subnet-0cbccf195cceabc7b",
                            "map_public_ip_on_launch": "false",
                            "tags.%": "1",
                            "tags.Name": "frontend-b",
                            "vpc_id": "vpc-02f4b5a66f3556cf6"
                        },
                        "meta": {
                            "e2bfb730-ecaa-11e6-8f88-34363bc7c4c0": {
                                "create": 600000000000,
                                "delete": 600000000000
                            },
                            "schema_version": "1"
                        },
                        "tainted": false
                    },
                    "deposed": [],
                    "provider": "provider.aws"
                },
                "aws_subnet.frontend-c": {
                    "type": "aws_subnet",
                    "depends_on": [
                        "aws_vpc.main",
                        "data.aws_availability_zones.available"
                    ],
                    "primary": {
                        "id": "subnet-0f5a64f9d232cc965",
                        "attributes": {
                            "arn": "arn:aws:ec2:us-east-1:213722482034:subnet/subnet-0f5a64f9d232cc965",
                            "assign_ipv6_address_on_creation": "false",
                            "availability_zone": "us-east-1c",
                            "cidr_block": "172.16.2.0/24",
                            "id": "subnet-0f5a64f9d232cc965",
                            "map_public_ip_on_launch": "false",
                            "tags.%": "1",
                            "tags.Name": "frontend-c",
                            "vpc_id": "vpc-02f4b5a66f3556cf6"
                        },
                        "meta": {
                            "e2bfb730-ecaa-11e6-8f88-34363bc7c4c0": {
                                "create": 600000000000,
                                "delete": 600000000000
                            },
                            "schema_version": "1"
                        },
                        "tainted": false
                    },
                    "deposed": [],
                    "provider": "provider.aws"
                },
                "aws_vpc.main": {
                    "type": "aws_vpc",
                    "depends_on": [],
                    "primary": {
                        "id": "vpc-02f4b5a66f3556cf6",
                        "attributes": {
                            "arn": "arn:aws:ec2:us-east-1:213722482034:vpc/vpc-02f4b5a66f3556cf6",
                            "assign_generated_ipv6_cidr_block": "false",
                            "cidr_block": "172.16.0.0/16",
                            "default_network_acl_id": "acl-0fac8d549296e0c83",
                            "default_route_table_id": "rtb-07cbd3feebdded7fe",
                            "default_security_group_id": "sg-09f3d5df6d1e4531c",
                            "dhcp_options_id": "dopt-fb0a7780",
                            "enable_classiclink": "false",
                            "enable_classiclink_dns_support": "false",
                            "enable_dns_hostnames": "false",
                            "enable_dns_support": "true",
                            "id": "vpc-02f4b5a66f3556cf6",
                            "instance_tenancy": "default",
                            "main_route_table_id": "rtb-07cbd3feebdded7fe",
                            "tags.%": "1",
                            "tags.Name": "main"
                        },
                        "meta": {
                            "schema_version": "1"
                        },
                        "tainted": false
                    },
                    "deposed": [],
                    "provider": "provider.aws"
                },
                "data.aws_ami.ubuntu": {
                    "type": "aws_ami",
                    "depends_on": [],
                    "primary": {
                        "id": "ami-0977029b5b13f3d08",
                        "attributes": {
                            "architecture": "x86_64",
                            "block_device_mappings.#": "3",
                            "block_device_mappings.1634610537.device_name": "/dev/sdb",
                            "block_device_mappings.1634610537.ebs.%": "0",
                            "block_device_mappings.1634610537.no_device": "",
                            "block_device_mappings.1634610537.virtual_name": "ephemeral0",
                            "block_device_mappings.2547816212.device_name": "/dev/sda1",
                            "block_device_mappings.2547816212.ebs.%": "6",
                            "block_device_mappings.2547816212.ebs.delete_on_termination": "true",
                            "block_device_mappings.2547816212.ebs.encrypted": "false",
                            "block_device_mappings.2547816212.ebs.iops": "0",
                            "block_device_mappings.2547816212.ebs.snapshot_id": "snap-022d9455659e6741c",
                            "block_device_mappings.2547816212.ebs.volume_size": "8",
                            "block_device_mappings.2547816212.ebs.volume_type": "gp2",
                            "block_device_mappings.2547816212.no_device": "",
                            "block_device_mappings.2547816212.virtual_name": "",
                            "block_device_mappings.3850042718.device_name": "/dev/sdc",
                            "block_device_mappings.3850042718.ebs.%": "0",
                            "block_device_mappings.3850042718.no_device": "",
                            "block_device_mappings.3850042718.virtual_name": "ephemeral1",
                            "creation_date": "2018-10-13T15:11:16.000Z",
                            "description": "Canonical, Ubuntu, 18.04 LTS, amd64 bionic image build on 2018-10-12",
                            "filter.#": "2",
                            "filter.490168357.name": "virtualization-type",
                            "filter.490168357.values.#": "1",
                            "filter.490168357.values.0": "hvm",
                            "filter.942818600.name": "name",
                            "filter.942818600.values.#": "1",
                            "filter.942818600.values.0": "ubuntu/images/hvm-ssd/ubuntu-bionic-18.04-amd64-server-*",
                            "hypervisor": "xen",
                            "id": "ami-0977029b5b13f3d08",
                            "image_id": "ami-0977029b5b13f3d08",
                            "image_location": "099720109477/ubuntu/images/hvm-ssd/ubuntu-bionic-18.04-amd64-server-20181012",
                            "image_type": "machine",
                            "most_recent": "true",
                            "name": "ubuntu/images/hvm-ssd/ubuntu-bionic-18.04-amd64-server-20181012",
                            "owner_id": "099720109477",
                            "owners.#": "1",
                            "owners.0": "099720109477",
                            "product_codes.#": "0",
                            "public": "true",
                            "root_device_name": "/dev/sda1",
                            "root_device_type": "ebs",
                            "root_snapshot_id": "snap-022d9455659e6741c",
                            "sriov_net_support": "simple",
                            "state": "available",
                            "state_reason.%": "2",
                            "state_reason.code": "UNSET",
                            "state_reason.message": "UNSET",
                            "tags.%": "0",
                            "virtualization_type": "hvm"
                        },
                        "meta": {},
                        "tainted": false
                    },
                    "deposed": [],
                    "provider": "provider.aws"
                },
                "data.aws_ami.webserver": {
                    "type": "aws_ami",
                    "depends_on": [],
                    "primary": {
                        "id": "ami-0d29d91f411ded00a",
                        "attributes": {
                            "architecture": "x86_64",
                            "block_device_mappings.#": "3",
                            "block_device_mappings.1634610537.device_name": "/dev/sdb",
                            "block_device_mappings.1634610537.ebs.%": "0",
                            "block_device_mappings.1634610537.no_device": "",
                            "block_device_mappings.1634610537.virtual_name": "ephemeral0",
                            "block_device_mappings.2547816212.device_name": "/dev/sda1",
                            "block_device_mappings.2547816212.ebs.%": "6",
                            "block_device_mappings.2547816212.ebs.delete_on_termination": "true",
                            "block_device_mappings.2547816212.ebs.encrypted": "false",
                            "block_device_mappings.2547816212.ebs.iops": "0",
                            "block_device_mappings.2547816212.ebs.snapshot_id": "snap-0acd8802f484b23b9",
                            "block_device_mappings.2547816212.ebs.volume_size": "8",
                            "block_device_mappings.2547816212.ebs.volume_type": "gp2",
                            "block_device_mappings.2547816212.no_device": "",
                            "block_device_mappings.2547816212.virtual_name": "",
                            "block_device_mappings.3850042718.device_name": "/dev/sdc",
                            "block_device_mappings.3850042718.ebs.%": "0",
                            "block_device_mappings.3850042718.no_device": "",
                            "block_device_mappings.3850042718.virtual_name": "ephemeral1",
                            "creation_date": "2018-10-20T20:23:46.000Z",
                            "filter.#": "2",
                            "filter.2469952176.name": "name",
                            "filter.2469952176.values.#": "1",
                            "filter.2469952176.values.0": "webserver_*",
                            "filter.490168357.name": "virtualization-type",
                            "filter.490168357.values.#": "1",
                            "filter.490168357.values.0": "hvm",
                            "hypervisor": "xen",
                            "id": "ami-0d29d91f411ded00a",
                            "image_id": "ami-0d29d91f411ded00a",
                            "image_location": "213722482034/webserver_1540066825",
                            "image_type": "machine",
                            "most_recent": "true",
                            "name": "webserver_1540066825",
                            "owner_id": "213722482034",
                            "owners.#": "1",
                            "owners.0": "self",
                            "product_codes.#": "0",
                            "public": "false",
                            "root_device_name": "/dev/sda1",
                            "root_device_type": "ebs",
                            "root_snapshot_id": "snap-0acd8802f484b23b9",
                            "sriov_net_support": "simple",
                            "state": "available",
                            "state_reason.%": "2",
                            "state_reason.code": "UNSET",
                            "state_reason.message": "UNSET",
                            "tags.%": "2",
                            "tags.Curate": "True",
                            "tags.Name": "webserver",
                            "virtualization_type": "hvm"
                        },
                        "meta": {},
                        "tainted": false
                    },
                    "deposed": [],
                    "provider": "provider.aws"
                },
                "data.aws_availability_zones.available": {
                    "type": "aws_availability_zones",
                    "depends_on": [],
                    "primary": {
                        "id": "2018-10-26 02:30:02.778084754 +0000 UTC",
                        "attributes": {
                            "id": "2018-10-26 02:30:02.778084754 +0000 UTC",
                            "names.#": "6",
                            "names.0": "us-east-1a",
                            "names.1": "us-east-1b",
                            "names.2": "us-east-1c",
                            "names.3": "us-east-1d",
                            "names.4": "us-east-1e",
                            "names.5": "us-east-1f"
                        },
                        "meta": {},
                        "tainted": false
                    },
                    "deposed": [],
                    "provider": "provider.aws"
                },
                "data.http.icanhazip": {
                    "type": "http",
                    "depends_on": [],
                    "primary": {
                        "id": "2018-10-26 02:22:57.475658279 +0000 UTC",
                        "attributes": {
                            "body": "104.158.158.8\n",
                            "id": "2018-10-26 02:22:57.475658279 +0000 UTC",
                            "url": "http://icanhazip.com"
                        },
                        "meta": {},
                        "tainted": false
                    },
                    "deposed": [],
                    "provider": "provider.http"
                }
            },
            "depends_on": []
        }
    ]
}
