{
    "version": 3,
    "terraform_version": "0.11.8",
    "serial": 10,
    "lineage": "8b8b19a8-927b-9120-9da9-7b4286b4242f",
    "modules": [
        {
            "path": [
                "root"
            ],
            "outputs": {},
            "resources": {
                "aws_instance.web": {
                    "type": "aws_instance",
                    "depends_on": [
                        "aws_key_pair.Farhan",
                        "aws_security_group.allow_ssh",
                        "data.aws_ami.ubuntu"
                    ],
                    "primary": {
                        "id": "i-0d2aab02ab94750cb",
                        "attributes": {
                            "ami": "ami-07917569e2c4a2b6a",
                            "arn": "arn:aws:ec2:us-east-1:274090899085:instance/i-0d2aab02ab94750cb",
                            "associate_public_ip_address": "true",
                            "availability_zone": "us-east-1b",
                            "cpu_core_count": "1",
                            "cpu_threads_per_core": "1",
                            "credit_specification.#": "1",
                            "credit_specification.0.cpu_credits": "standard",
                            "disable_api_termination": "false",
                            "ebs_block_device.#": "0",
                            "ebs_optimized": "false",
                            "ephemeral_block_device.#": "0",
                            "get_password_data": "false",
                            "iam_instance_profile": "",
                            "id": "i-0d2aab02ab94750cb",
                            "instance_state": "running",
                            "instance_type": "t2.micro",
                            "ipv6_addresses.#": "0",
                            "key_name": "deployer-Farhan",
                            "monitoring": "false",
                            "network_interface.#": "0",
                            "network_interface_id": "eni-033b86cc0792bf8f5",
                            "password_data": "",
                            "placement_group": "",
                            "primary_network_interface_id": "eni-033b86cc0792bf8f5",
                            "private_dns": "ip-172-31-87-7.ec2.internal",
                            "private_ip": "172.31.87.7",
                            "public_dns": "ec2-54-147-58-36.compute-1.amazonaws.com",
                            "public_ip": "54.147.58.36",
                            "root_block_device.#": "1",
                            "root_block_device.0.delete_on_termination": "true",
                            "root_block_device.0.iops": "100",
                            "root_block_device.0.volume_id": "vol-0728ef0b3bd3a4a98",
                            "root_block_device.0.volume_size": "8",
                            "root_block_device.0.volume_type": "gp2",
                            "security_groups.#": "1",
                            "security_groups.1454479838": "allow_ssh",
                            "source_dest_check": "true",
                            "subnet_id": "subnet-d9ab27f5",
                            "tags.%": "1",
                            "tags.Name": "HelloWorld",
                            "tenancy": "default",
                            "volume_tags.%": "0",
                            "vpc_security_group_ids.#": "1",
                            "vpc_security_group_ids.1756516317": "sg-0a2539f88ec5d650a"
                        },
                        "meta": {
                            "e2bfb730-ecaa-11e6-8f88-34363bc7c4c0": {
                                "create": 600000000000,
                                "delete": 1200000000000,
                                "update": 600000000000
                            },
                            "schema_version": "1"
                        },
                        "tainted": false
                    },
                    "deposed": [],
                    "provider": "provider.aws"
                },
                "aws_key_pair.Farhan": {
                    "type": "aws_key_pair",
                    "depends_on": [],
                    "primary": {
                        "id": "deployer-Farhan",
                        "attributes": {
                            "fingerprint": "70:20:1d:65:25:5b:03:1c:5d:cc:51:20:44:30:d2:58",
                            "id": "deployer-Farhan",
                            "key_name": "deployer-Farhan",
                            "public_key": "ssh-rsa AAAAB3NzaC1yc2EAAAADAQABAAACAQCbFmBUZofPhyF3KYxFmk2rAaNzhgujgznQUMxW5wViKu3yxzYbly6jV/2akUW44uZ9oeSh1jP7y7/mErhhkboeEkF1OEtfq9gQcWx8RUc/OqbMLSU9X7cVrqykl8W9FbT3dzvk0m0JCmyeOTx1rpN48fsvMWg0I6fJ11q9ZvwoIlCPIpJVzYRDJoxNUbwX80VmlkluY04fdqDz3nJgnzf3Gcz60FJHEpUOJn1pQxKfiDy5lqUMRZ8/+nQe1VBwUkEAtfps5m9qdybvbbW2BAaxX/rqZNS6rCGV1h+wTgbE5X1SUAZVh57J5lAwczy/gFXhZW/hlxQkJkOuLNjbOMLH12dt4rNcrvF+haghJcRgwkbC14JohPJQUw7vIL+dDQ8Ph8+GRdDQngviY0V9OHXlZl7L3MJ75vUdWFHS49CaD+NklYcAJF86sRjJH5t0vzCmYUCiEPKweo7i/s9xUzItwReVr/6fnNcIVXb+3sEdGX6LhR94tiyWz5yfBYzvK4JNo0aZ2t/BXtgyvFShjnBdNo6S3DvUPYqy66RWPcmIsyB1CzcxV7C4coiqdGwePI3Jq4eO2i2G1WsMoKq8xMm6UOjLQ+VL1roNsAw00SASRIJTz4NEBTmg+Kdxf1Ja9YPPpfWlz/+cEuxLOsVFyw5Y1h/v8HWLtBBiYQdlygoucw=="
                        },
                        "meta": {
                            "schema_version": "1"
                        },
                        "tainted": false
                    },
                    "deposed": [],
                    "provider": "provider.aws"
                },
                "aws_security_group.allow_ssh": {
                    "type": "aws_security_group",
                    "depends_on": [],
                    "primary": {
                        "id": "sg-0a2539f88ec5d650a",
                        "attributes": {
                            "arn": "arn:aws:ec2:us-east-1:274090899085:security-group/sg-0a2539f88ec5d650a",
                            "description": "Allow all inbound traffic",
                            "egress.#": "1",
                            "egress.482069346.cidr_blocks.#": "1",
                            "egress.482069346.cidr_blocks.0": "0.0.0.0/0",
                            "egress.482069346.description": "",
                            "egress.482069346.from_port": "0",
                            "egress.482069346.ipv6_cidr_blocks.#": "0",
                            "egress.482069346.prefix_list_ids.#": "0",
                            "egress.482069346.protocol": "-1",
                            "egress.482069346.security_groups.#": "0",
                            "egress.482069346.self": "false",
                            "egress.482069346.to_port": "0",
                            "id": "sg-0a2539f88ec5d650a",
                            "ingress.#": "2",
                            "ingress.3903536683.cidr_blocks.#": "1",
                            "ingress.3903536683.cidr_blocks.0": "104.158.158.24/32",
                            "ingress.3903536683.description": "",
                            "ingress.3903536683.from_port": "80",
                            "ingress.3903536683.ipv6_cidr_blocks.#": "0",
                            "ingress.3903536683.protocol": "tcp",
                            "ingress.3903536683.security_groups.#": "0",
                            "ingress.3903536683.self": "false",
                            "ingress.3903536683.to_port": "80",
                            "ingress.555246442.cidr_blocks.#": "1",
                            "ingress.555246442.cidr_blocks.0": "104.158.158.24/32",
                            "ingress.555246442.description": "",
                            "ingress.555246442.from_port": "22",
                            "ingress.555246442.ipv6_cidr_blocks.#": "0",
                            "ingress.555246442.protocol": "tcp",
                            "ingress.555246442.security_groups.#": "0",
                            "ingress.555246442.self": "false",
                            "ingress.555246442.to_port": "22",
                            "name": "allow_ssh",
                            "owner_id": "274090899085",
                            "revoke_rules_on_delete": "false",
                            "tags.%": "1",
                            "tags.Name": "allow_ssh",
                            "vpc_id": "vpc-2c79f255"
                        },
                        "meta": {
                            "e2bfb730-ecaa-11e6-8f88-34363bc7c4c0": {
                                "create": 600000000000,
                                "delete": 600000000000
                            },
                            "schema_version": "1"
                        },
                        "tainted": false
                    },
                    "deposed": [],
                    "provider": "provider.aws"
                },
                "data.aws_ami.ubuntu": {
                    "type": "aws_ami",
                    "depends_on": [],
                    "primary": {
                        "id": "ami-07917569e2c4a2b6a",
                        "attributes": {
                            "architecture": "x86_64",
                            "block_device_mappings.#": "3",
                            "block_device_mappings.1634610537.device_name": "/dev/sdb",
                            "block_device_mappings.1634610537.ebs.%": "0",
                            "block_device_mappings.1634610537.no_device": "",
                            "block_device_mappings.1634610537.virtual_name": "ephemeral0",
                            "block_device_mappings.2547816212.device_name": "/dev/sda1",
                            "block_device_mappings.2547816212.ebs.%": "6",
                            "block_device_mappings.2547816212.ebs.delete_on_termination": "true",
                            "block_device_mappings.2547816212.ebs.encrypted": "false",
                            "block_device_mappings.2547816212.ebs.iops": "0",
                            "block_device_mappings.2547816212.ebs.snapshot_id": "snap-0e87f84d09a697710",
                            "block_device_mappings.2547816212.ebs.volume_size": "8",
                            "block_device_mappings.2547816212.ebs.volume_type": "gp2",
                            "block_device_mappings.2547816212.no_device": "",
                            "block_device_mappings.2547816212.virtual_name": "",
                            "block_device_mappings.3850042718.device_name": "/dev/sdc",
                            "block_device_mappings.3850042718.ebs.%": "0",
                            "block_device_mappings.3850042718.no_device": "",
                            "block_device_mappings.3850042718.virtual_name": "ephemeral1",
                            "creation_date": "2018-08-28T12:35:10.000Z",
                            "description": "Canonical, Ubuntu, 18.04 LTS, amd64 bionic image build on 2018-08-23",
                            "filter.#": "2",
                            "filter.490168357.name": "virtualization-type",
                            "filter.490168357.values.#": "1",
                            "filter.490168357.values.0": "hvm",
                            "filter.942818600.name": "name",
                            "filter.942818600.values.#": "1",
                            "filter.942818600.values.0": "ubuntu/images/hvm-ssd/ubuntu-bionic-18.04-amd64-server-*",
                            "hypervisor": "xen",
                            "id": "ami-07917569e2c4a2b6a",
                            "image_id": "ami-07917569e2c4a2b6a",
                            "image_location": "099720109477/ubuntu/images/hvm-ssd/ubuntu-bionic-18.04-amd64-server-20180823",
                            "image_type": "machine",
                            "most_recent": "true",
                            "name": "ubuntu/images/hvm-ssd/ubuntu-bionic-18.04-amd64-server-20180823",
                            "owner_id": "099720109477",
                            "owners.#": "1",
                            "owners.0": "099720109477",
                            "product_codes.#": "0",
                            "public": "true",
                            "root_device_name": "/dev/sda1",
                            "root_device_type": "ebs",
                            "root_snapshot_id": "snap-0e87f84d09a697710",
                            "sriov_net_support": "simple",
                            "state": "available",
                            "state_reason.%": "2",
                            "state_reason.code": "UNSET",
                            "state_reason.message": "UNSET",
                            "tags.%": "0",
                            "virtualization_type": "hvm"
                        },
                        "meta": {},
                        "tainted": false
                    },
                    "deposed": [],
                    "provider": "provider.aws"
                },
                "data.http.icanhazip": {
                    "type": "http",
                    "depends_on": [],
                    "primary": {
                        "id": "2018-09-06 02:52:18.943579476 +0000 UTC",
                        "attributes": {
                            "body": "104.158.158.24\n",
                            "id": "2018-09-06 02:52:18.943579476 +0000 UTC",
                            "url": "http://icanhazip.com"
                        },
                        "meta": {},
                        "tainted": false
                    },
                    "deposed": [],
                    "provider": "provider.http"
                }
            },
            "depends_on": []
        }
    ]
}
